// !$*UTF8*$!
{
	archiveVersion = 1;
	classes = {
	};
	objectVersion = 46;
	objects = {

/* Begin PBXBuildFile section */
		F79FA2DD1B66957400288B72 /* monsters-01.png in Resources */ = {isa = PBXBuildFile; fileRef = F79FA2D41B66957400288B72 /* monsters-01.png */; };
		F79FA2DE1B66957400288B72 /* monsters-02.png in Resources */ = {isa = PBXBuildFile; fileRef = F79FA2D51B66957400288B72 /* monsters-02.png */; };
		F79FA2DF1B66957400288B72 /* monsters-03.png in Resources */ = {isa = PBXBuildFile; fileRef = F79FA2D61B66957400288B72 /* monsters-03.png */; };
		F79FA2E01B66957400288B72 /* monsters-04.png in Resources */ = {isa = PBXBuildFile; fileRef = F79FA2D71B66957400288B72 /* monsters-04.png */; };
		F79FA2E11B66957400288B72 /* monsters-05.png in Resources */ = {isa = PBXBuildFile; fileRef = F79FA2D81B66957400288B72 /* monsters-05.png */; };
		F79FA2E21B66957400288B72 /* monsters-06.png in Resources */ = {isa = PBXBuildFile; fileRef = F79FA2D91B66957400288B72 /* monsters-06.png */; };
		F79FA2E31B66957400288B72 /* monsters-07.png in Resources */ = {isa = PBXBuildFile; fileRef = F79FA2DA1B66957400288B72 /* monsters-07.png */; };
		F79FA2E41B66957400288B72 /* monsters-08.png in Resources */ = {isa = PBXBuildFile; fileRef = F79FA2DB1B66957400288B72 /* monsters-08.png */; };
		F79FA2E51B66957400288B72 /* monsters-09.png in Resources */ = {isa = PBXBuildFile; fileRef = F79FA2DC1B66957400288B72 /* monsters-09.png */; };
		F7A39ACA1B668F60005816F7 /* AppDelegate.swift in Sources */ = {isa = PBXBuildFile; fileRef = F7A39AC91B668F60005816F7 /* AppDelegate.swift */; };
		F7A39ACC1B668F60005816F7 /* ViewController.swift in Sources */ = {isa = PBXBuildFile; fileRef = F7A39ACB1B668F60005816F7 /* ViewController.swift */; };
		F7A39ACF1B668F60005816F7 /* Main.storyboard in Resources */ = {isa = PBXBuildFile; fileRef = F7A39ACD1B668F60005816F7 /* Main.storyboard */; };
		F7A39AD11B668F60005816F7 /* Images.xcassets in Resources */ = {isa = PBXBuildFile; fileRef = F7A39AD01B668F60005816F7 /* Images.xcassets */; };
		F7A39AD41B668F60005816F7 /* LaunchScreen.xib in Resources */ = {isa = PBXBuildFile; fileRef = F7A39AD21B668F60005816F7 /* LaunchScreen.xib */; };
		F7A39AE01B668F60005816F7 /* collectionViewControllerTests.swift in Sources */ = {isa = PBXBuildFile; fileRef = F7A39ADF1B668F60005816F7 /* collectionViewControllerTests.swift */; };
		F7A39AEA1B6690DE005816F7 /* colvwCell.swift in Sources */ = {isa = PBXBuildFile; fileRef = F7A39AE91B6690DE005816F7 /* colvwCell.swift */; };
/* End PBXBuildFile section */

/* Begin PBXContainerItemProxy section */
		F7A39ADA1B668F60005816F7 /* PBXContainerItemProxy */ = {
			isa = PBXContainerItemProxy;
			containerPortal = F7A39ABC1B668F60005816F7 /* Project object */;
			proxyType = 1;
			remoteGlobalIDString = F7A39AC31B668F60005816F7;
			remoteInfo = collectionViewController;
		};
/* End PBXContainerItemProxy section */

/* Begin PBXFileReference section */
		F79FA2D41B66957400288B72 /* monsters-01.png */ = {isa = PBXFileReference; lastKnownFileType = image.png; path = "monsters-01.png"; sourceTree = "<group>"; };
		F79FA2D51B66957400288B72 /* monsters-02.png */ = {isa = PBXFileReference; lastKnownFileType = image.png; path = "monsters-02.png"; sourceTree = "<group>"; };
		F79FA2D61B66957400288B72 /* monsters-03.png */ = {isa = PBXFileReference; lastKnownFileType = image.png; path = "monsters-03.png"; sourceTree = "<group>"; };
		F79FA2D71B66957400288B72 /* monsters-04.png */ = {isa = PBXFileReference; lastKnownFileType = image.png; path = "monsters-04.png"; sourceTree = "<group>"; };
		F79FA2D81B66957400288B72 /* monsters-05.png */ = {isa = PBXFileReference; lastKnownFileType = image.png; path = "monsters-05.png"; sourceTree = "<group>"; };
		F79FA2D91B66957400288B72 /* monsters-06.png */ = {isa = PBXFileReference; lastKnownFileType = image.png; path = "monsters-06.png"; sourceTree = "<group>"; };
		F79FA2DA1B66957400288B72 /* monsters-07.png */ = {isa = PBXFileReference; lastKnownFileType = image.png; path = "monsters-07.png"; sourceTree = "<group>"; };
		F79FA2DB1B66957400288B72 /* monsters-08.png */ = {isa = PBXFileReference; lastKnownFileType = image.png; path = "monsters-08.png"; sourceTree = "<group>"; };
		F79FA2DC1B66957400288B72 /* monsters-09.png */ = {isa = PBXFileReference; lastKnownFileType = image.png; path = "monsters-09.png"; sourceTree = "<group>"; };
		F7A39AC41B668F60005816F7 /* collectionViewController.app */ = {isa = PBXFileReference; explicitFileType = wrapper.application; includeInIndex = 0; path = collectionViewController.app; sourceTree = BUILT_PRODUCTS_DIR; };
		F7A39AC81B668F60005816F7 /* Info.plist */ = {isa = PBXFileReference; lastKnownFileType = text.plist.xml; path = Info.plist; sourceTree = "<group>"; };
		F7A39AC91B668F60005816F7 /* AppDelegate.swift */ = {isa = PBXFileReference; lastKnownFileType = sourcecode.swift; path = AppDelegate.swift; sourceTree = "<group>"; };
		F7A39ACB1B668F60005816F7 /* ViewController.swift */ = {isa = PBXFileReference; lastKnownFileType = sourcecode.swift; path = ViewController.swift; sourceTree = "<group>"; };
		F7A39ACE1B668F60005816F7 /* Base */ = {isa = PBXFileReference; lastKnownFileType = file.storyboard; name = Base; path = Base.lproj/Main.storyboard; sourceTree = "<group>"; };
		F7A39AD01B668F60005816F7 /* Images.xcassets */ = {isa = PBXFileReference; lastKnownFileType = folder.assetcatalog; path = Images.xcassets; sourceTree = "<group>"; };
		F7A39AD31B668F60005816F7 /* Base */ = {isa = PBXFileReference; lastKnownFileType = file.xib; name = Base; path = Base.lproj/LaunchScreen.xib; sourceTree = "<group>"; };
		F7A39AD91B668F60005816F7 /* collectionViewControllerTests.xctest */ = {isa = PBXFileReference; explicitFileType = wrapper.cfbundle; includeInIndex = 0; path = collectionViewControllerTests.xctest; sourceTree = BUILT_PRODUCTS_DIR; };
		F7A39ADE1B668F60005816F7 /* Info.plist */ = {isa = PBXFileReference; lastKnownFileType = text.plist.xml; path = Info.plist; sourceTree = "<group>"; };
		F7A39ADF1B668F60005816F7 /* collectionViewControllerTests.swift */ = {isa = PBXFileReference; lastKnownFileType = sourcecode.swift; path = collectionViewControllerTests.swift; sourceTree = "<group>"; };
		F7A39AE91B6690DE005816F7 /* colvwCell.swift */ = {isa = PBXFileReference; fileEncoding = 4; lastKnownFileType = sourcecode.swift; path = colvwCell.swift; sourceTree = "<group>"; };
/* End PBXFileReference section */

/* Begin PBXFrameworksBuildPhase section */
		F7A39AC11B668F60005816F7 /* Frameworks */ = {
			isa = PBXFrameworksBuildPhase;
			buildActionMask = 2147483647;
			files = (
			);
			runOnlyForDeploymentPostprocessing = 0;
		};
		F7A39AD61B668F60005816F7 /* Frameworks */ = {
			isa = PBXFrameworksBuildPhase;
			buildActionMask = 2147483647;
			files = (
			);
			runOnlyForDeploymentPostprocessing = 0;
		};
/* End PBXFrameworksBuildPhase section */

/* Begin PBXGroup section */
		F7A39ABB1B668F60005816F7 = {
			isa = PBXGroup;
			children = (
				F7A39AC61B668F60005816F7 /* collectionViewController */,
				F7A39ADC1B668F60005816F7 /* collectionViewControllerTests */,
				F7A39AC51B668F60005816F7 /* Products */,
			);
			sourceTree = "<group>";
		};
		F7A39AC51B668F60005816F7 /* Products */ = {
			isa = PBXGroup;
			children = (
				F7A39AC41B668F60005816F7 /* collectionViewController.app */,
				F7A39AD91B668F60005816F7 /* collectionViewControllerTests.xctest */,
			);
			name = Products;
			sourceTree = "<group>";
		};
		F7A39AC61B668F60005816F7 /* collectionViewController */ = {
			isa = PBXGroup;
			children = (
				F7A39AC91B668F60005816F7 /* AppDelegate.swift */,
				F7A39ACB1B668F60005816F7 /* ViewController.swift */,
				F7A39AE91B6690DE005816F7 /* colvwCell.swift */,
				F7A39ACD1B668F60005816F7 /* Main.storyboard */,
				F7A39AD01B668F60005816F7 /* Images.xcassets */,
				F7A39AD21B668F60005816F7 /* LaunchScreen.xib */,
				F7A39AC71B668F60005816F7 /* Supporting Files */,
			);
			path = collectionViewController;
			sourceTree = "<group>";
		};
		F7A39AC71B668F60005816F7 /* Supporting Files */ = {
			isa = PBXGroup;
			children = (
				F79FA2D41B66957400288B72 /* monsters-01.png */,
				F79FA2D51B66957400288B72 /* monsters-02.png */,
				F79FA2D61B66957400288B72 /* monsters-03.png */,
				F79FA2D71B66957400288B72 /* monsters-04.png */,
				F79FA2D81B66957400288B72 /* monsters-05.png */,
				F79FA2D91B66957400288B72 /* monsters-06.png */,
				F79FA2DA1B66957400288B72 /* monsters-07.png */,
				F79FA2DB1B66957400288B72 /* monsters-08.png */,
				F79FA2DC1B66957400288B72 /* monsters-09.png */,
				F7A39AC81B668F60005816F7 /* Info.plist */,
			);
			name = "Supporting Files";
			sourceTree = "<group>";
		};
		F7A39ADC1B668F60005816F7 /* collectionViewControllerTests */ = {
			isa = PBXGroup;
			children = (
				F7A39ADF1B668F60005816F7 /* collectionViewControllerTests.swift */,
				F7A39ADD1B668F60005816F7 /* Supporting Files */,
			);
			path = collectionViewControllerTests;
			sourceTree = "<group>";
		};
		F7A39ADD1B668F60005816F7 /* Supporting Files */ = {
			isa = PBXGroup;
			children = (
				F7A39ADE1B668F60005816F7 /* Info.plist */,
			);
			name = "Supporting Files";
			sourceTree = "<group>";
		};
/* End PBXGroup section */

/* Begin PBXNativeTarget section */
		F7A39AC31B668F60005816F7 /* collectionViewController */ = {
			isa = PBXNativeTarget;
			buildConfigurationList = F7A39AE31B668F60005816F7 /* Build configuration list for PBXNativeTarget "collectionViewController" */;
			buildPhases = (
				F7A39AC01B668F60005816F7 /* Sources */,
				F7A39AC11B668F60005816F7 /* Frameworks */,
				F7A39AC21B668F60005816F7 /* Resources */,
			);
			buildRules = (
			);
			dependencies = (
			);
			name = collectionViewController;
			productName = collectionViewController;
			productReference = F7A39AC41B668F60005816F7 /* collectionViewController.app */;
			productType = "com.apple.product-type.application";
		};
		F7A39AD81B668F60005816F7 /* collectionViewControllerTests */ = {
			isa = PBXNativeTarget;
			buildConfigurationList = F7A39AE61B668F60005816F7 /* Build configuration list for PBXNativeTarget "collectionViewControllerTests" */;
			buildPhases = (
				F7A39AD51B668F60005816F7 /* Sources */,
				F7A39AD61B668F60005816F7 /* Frameworks */,
				F7A39AD71B668F60005816F7 /* Resources */,
			);
			buildRules = (
			);
			dependencies = (
				F7A39ADB1B668F60005816F7 /* PBXTargetDependency */,
			);
			name = collectionViewControllerTests;
			productName = collectionViewControllerTests;
			productReference = F7A39AD91B668F60005816F7 /* collectionViewControllerTests.xctest */;
			productType = "com.apple.product-type.bundle.unit-test";
		};
/* End PBXNativeTarget section */

/* Begin PBXProject section */
		F7A39ABC1B668F60005816F7 /* Project object */ = {
			isa = PBXProject;
			attributes = {
				LastUpgradeCheck = 0640;
				ORGANIZATIONNAME = ndrzhr;
				TargetAttributes = {
					F7A39AC31B668F60005816F7 = {
						CreatedOnToolsVersion = 6.4;
					};
					F7A39AD81B668F60005816F7 = {
						CreatedOnToolsVersion = 6.4;
						TestTargetID = F7A39AC31B668F60005816F7;
					};
				};
			};
			buildConfigurationList = F7A39ABF1B668F60005816F7 /* Build configuration list for PBXProject "collectionViewController" */;
			compatibilityVersion = "Xcode 3.2";
			developmentRegion = English;
			hasScannedForEncodings = 0;
			knownRegions = (
				en,
				Base,
			);
			mainGroup = F7A39ABB1B668F60005816F7;
			productRefGroup = F7A39AC51B668F60005816F7 /* Products */;
			projectDirPath = "";
			projectRoot = "";
			targets = (
				F7A39AC31B668F60005816F7 /* collectionViewController */,
				F7A39AD81B668F60005816F7 /* collectionViewControllerTests */,
			);
		};
/* End PBXProject section */

/* Begin PBXResourcesBuildPhase section */
		F7A39AC21B668F60005816F7 /* Resources */ = {
			isa = PBXResourcesBuildPhase;
			buildActionMask = 2147483647;
			files = (
				F79FA2E41B66957400288B72 /* monsters-08.png in Resources */,
				F79FA2E21B66957400288B72 /* monsters-06.png in Resources */,
				F7A39ACF1B668F60005816F7 /* Main.storyboard in Resources */,
				F79FA2E51B66957400288B72 /* monsters-09.png in Resources */,
				F7A39AD41B668F60005816F7 /* LaunchScreen.xib in Resources */,
				F79FA2E31B66957400288B72 /* monsters-07.png in Resources */,
				F7A39AD11B668F60005816F7 /* Images.xcassets in Resources */,
				F79FA2DF1B66957400288B72 /* monsters-03.png in Resources */,
				F79FA2DE1B66957400288B72 /* monsters-02.png in Resources */,
				F79FA2E01B66957400288B72 /* monsters-04.png in Resources */,
				F79FA2DD1B66957400288B72 /* monsters-01.png in Resources */,
				F79FA2E11B66957400288B72 /* monsters-05.png in Resources */,
			);
			runOnlyForDeploymentPostprocessing = 0;
		};
		F7A39AD71B668F60005816F7 /* Resources */ = {
			isa = PBXResourcesBuildPhase;
			buildActionMask = 2147483647;
			files = (
			);
			runOnlyForDeploymentPostprocessing = 0;
		};
/* End PBXResourcesBuildPhase section */

/* Begin PBXSourcesBuildPhase section */
		F7A39AC01B668F60005816F7 /* Sources */ = {
			isa = PBXSourcesBuildPhase;
			buildActionMask = 2147483647;
			files = (
				F7A39ACC1B668F60005816F7 /* ViewController.swift in Sources */,
				F7A39ACA1B668F60005816F7 /* AppDelegate.swift in Sources */,
				F7A39AEA1B6690DE005816F7 /* colvwCell.swift in Sources */,
			);
			runOnlyForDeploymentPostprocessing = 0;
		};
		F7A39AD51B668F60005816F7 /* Sources */ = {
			isa = PBXSourcesBuildPhase;
			buildActionMask = 2147483647;
			files = (
				F7A39AE01B668F60005816F7 /* collectionViewControllerTests.swift in Sources */,
			);
			runOnlyForDeploymentPostprocessing = 0;
		};
/* End PBXSourcesBuildPhase section */

/* Begin PBXTargetDependency section */
		F7A39ADB1B668F60005816F7 /* PBXTargetDependency */ = {
			isa = PBXTargetDependency;
			target = F7A39AC31B668F60005816F7 /* collectionViewController */;
			targetProxy = F7A39ADA1B668F60005816F7 /* PBXContainerItemProxy */;
		};
/* End PBXTargetDependency section */

/* Begin PBXVariantGroup section */
		F7A39ACD1B668F60005816F7 /* Main.storyboard */ = {
			isa = PBXVariantGroup;
			children = (
				F7A39ACE1B668F60005816F7 /* Base */,
			);
			name = Main.storyboard;
			sourceTree = "<group>";
		};
		F7A39AD21B668F60005816F7 /* LaunchScreen.xib */ = {
			isa = PBXVariantGroup;
			children = (
				F7A39AD31B668F60005816F7 /* Base */,
			);
			name = LaunchScreen.xib;
			sourceTree = "<group>";
		};
/* End PBXVariantGroup section */

/* Begin XCBuildConfiguration section */
		F7A39AE11B668F60005816F7 /* Debug */ = {
			isa = XCBuildConfiguration;
			buildSettings = {
				ALWAYS_SEARCH_USER_PATHS = NO;
				CLANG_CXX_LANGUAGE_STANDARD = "gnu++0x";
				CLANG_CXX_LIBRARY = "libc++";
				CLANG_ENABLE_MODULES = YES;
				CLANG_ENABLE_OBJC_ARC = YES;
				CLANG_WARN_BOOL_CONVERSION = YES;
				CLANG_WARN_CONSTANT_CONVERSION = YES;
				CLANG_WARN_DIRECT_OBJC_ISA_USAGE = YES_ERROR;
				CLANG_WARN_EMPTY_BODY = YES;
				CLANG_WARN_ENUM_CONVERSION = YES;
				CLANG_WARN_INT_CONVERSION = YES;
				CLANG_WARN_OBJC_ROOT_CLASS = YES_ERROR;
				CLANG_WARN_UNREACHABLE_CODE = YES;
				CLANG_WARN__DUPLICATE_METHOD_MATCH = YES;
				"CODE_SIGN_IDENTITY[sdk=iphoneos*]" = "iPhone Developer";
				COPY_PHASE_STRIP = NO;
				DEBUG_INFORMATION_FORMAT = "dwarf-with-dsym";
				ENABLE_STRICT_OBJC_MSGSEND = YES;
				GCC_C_LANGUAGE_STANDARD = gnu99;
				GCC_DYNAMIC_NO_PIC = NO;
				GCC_NO_COMMON_BLOCKS = YES;
				GCC_OPTIMIZATION_LEVEL = 0;
				GCC_PREPROCESSOR_DEFINITIONS = (
					"DEBUG=1",
					"$(inherited)",
				);
				GCC_SYMBOLS_PRIVATE_EXTERN = NO;
				GCC_WARN_64_TO_32_BIT_CONVERSION = YES;
				GCC_WARN_ABOUT_RETURN_TYPE = YES_ERROR;
				GCC_WARN_UNDECLARED_SELECTOR = YES;
				GCC_WARN_UNINITIALIZED_AUTOS = YES_AGGRESSIVE;
				GCC_WARN_UNUSED_FUNCTION = YES;
				GCC_WARN_UNUSED_VARIABLE = YES;
				IPHONEOS_DEPLOYMENT_TARGET = 8.4;
				MTL_ENABLE_DEBUG_INFO = YES;
				ONLY_ACTIVE_ARCH = YES;
				SDKROOT = iphoneos;
				SWIFT_OPTIMIZATION_LEVEL = "-Onone";
			};
			name = Debug;
		};
		F7A39AE21B668F60005816F7 /* Release */ = {
			isa = XCBuildConfiguration;
			buildSettings = {
				ALWAYS_SEARCH_USER_PATHS = NO;
				CLANG_CXX_LANGUAGE_STANDARD = "gnu++0x";
				CLANG_CXX_LIBRARY = "libc++";
				CLANG_ENABLE_MODULES = YES;
				CLANG_ENABLE_OBJC_ARC = YES;
				CLANG_WARN_BOOL_CONVERSION = YES;
				CLANG_WARN_CONSTANT_CONVERSION = YES;
				CLANG_WARN_DIRECT_OBJC_ISA_USAGE = YES_ERROR;
				CLANG_WARN_EMPTY_BODY = YES;
				CLANG_WARN_ENUM_CONVERSION = YES;
				CLANG_WARN_INT_CONVERSION = YES;
				CLANG_WARN_OBJC_ROOT_CLASS = YES_ERROR;
				CLANG_WARN_UNREACHABLE_CODE = YES;
				CLANG_WARN__DUPLICATE_METHOD_MATCH = YES;
				"CODE_SIGN_IDENTITY[sdk=iphoneos*]" = "iPhone Developer";
				COPY_PHASE_STRIP = NO;
				DEBUG_INFORMATION_FORMAT = "dwarf-with-dsym";
				ENABLE_NS_ASSERTIONS = NO;
				ENABLE_STRICT_OBJC_MSGSEND = YES;
				GCC_C_LANGUAGE_STANDARD = gnu99;
				GCC_NO_COMMON_BLOCKS = YES;
				GCC_WARN_64_TO_32_BIT_CONVERSION = YES;
				GCC_WARN_ABOUT_RETURN_TYPE = YES_ERROR;
				GCC_WARN_UNDECLARED_SELECTOR = YES;
				GCC_WARN_UNINITIALIZED_AUTOS = YES_AGGRESSIVE;
				GCC_WARN_UNUSED_FUNCTION = YES;
				GCC_WARN_UNUSED_VARIABLE = YES;
				IPHONEOS_DEPLOYMENT_TARGET = 8.4;
				MTL_ENABLE_DEBUG_INFO = NO;
				SDKROOT = iphoneos;
				VALIDATE_PRODUCT = YES;
			};
			name = Release;
		};
		F7A39AE41B668F60005816F7 /* Debug */ = {
			isa = XCBuildConfiguration;
			buildSettings = {
				ASSETCATALOG_COMPILER_APPICON_NAME = AppIcon;
				INFOPLIST_FILE = collectionViewController/Info.plist;
				LD_RUNPATH_SEARCH_PATHS = "$(inherited) @executable_path/Frameworks";
				PRODUCT_NAME = "$(TARGET_NAME)";
			};
			name = Debug;
		};
		F7A39AE51B668F60005816F7 /* Release */ = {
			isa = XCBuildConfiguration;
			buildSettings = {
				ASSETCATALOG_COMPILER_APPICON_NAME = AppIcon;
				INFOPLIST_FILE = collectionViewController/Info.plist;
				LD_RUNPATH_SEARCH_PATHS = "$(inherited) @executable_path/Frameworks";
				PRODUCT_NAME = "$(TARGET_NAME)";
			};
			name = Release;
		};
		F7A39AE71B668F60005816F7 /* Debug */ = {
			isa = XCBuildConfiguration;
			buildSettings = {
				BUNDLE_LOADER = "$(TEST_HOST)";
				FRAMEWORK_SEARCH_PATHS = (
					"$(SDKROOT)/Developer/Library/Frameworks",
					"$(inherited)",
				);
				GCC_PREPROCESSOR_DEFINITIONS = (
					"DEBUG=1",
					"$(inherited)",
				);
				INFOPLIST_FILE = collectionViewControllerTests/Info.plist;
				LD_RUNPATH_SEARCH_PATHS = "$(inherited) @executable_path/Frameworks @loader_path/Frameworks";
				PRODUCT_NAME = "$(TARGET_NAME)";
				TEST_HOST = "$(BUILT_PRODUCTS_DIR)/collectionViewController.app/collectionViewController";
			};
			name = Debug;
		};
		F7A39AE81B668F60005816F7 /* Release */ = {
			isa = XCBuildConfiguration;
			buildSettings = {
				BUNDLE_LOADER = "$(TEST_HOST)";
				FRAMEWORK_SEARCH_PATHS = (
					"$(SDKROOT)/Developer/Library/Frameworks",
					"$(inherited)",
				);
				INFOPLIST_FILE = collectionViewControllerTests/Info.plist;
				LD_RUNPATH_SEARCH_PATHS = "$(inherited) @executable_path/Frameworks @loader_path/Frameworks";
				PRODUCT_NAME = "$(TARGET_NAME)";
				TEST_HOST = "$(BUILT_PRODUCTS_DIR)/collectionViewController.app/collectionViewController";
			};
			name = Release;
		};
/* End XCBuildConfiguration section */

/* Begin XCConfigurationList section */
		F7A39ABF1B668F60005816F7 /* Build configuration list for PBXProject "collectionViewController" */ = {
			isa = XCConfigurationList;
			buildConfigurations = (
				F7A39AE11B668F60005816F7 /* Debug */,
				F7A39AE21B668F60005816F7 /* Release */,
			);
			defaultConfigurationIsVisible = 0;
			defaultConfigurationName = Release;
		};
		F7A39AE31B668F60005816F7 /* Build configuration list for PBXNativeTarget "collectionViewController" */ = {
			isa = XCConfigurationList;
			buildConfigurations = (
				F7A39AE41B668F60005816F7 /* Debug */,
				F7A39AE51B668F60005816F7 /* Release */,
			);
			defaultConfigurationIsVisible = 0;
			defaultConfigurationName = Release;
		};
		F7A39AE61B668F60005816F7 /* Build configuration list for PBXNativeTarget "collectionViewControllerTests" */ = {
			isa = XCConfigurationList;
			buildConfigurations = (
				F7A39AE71B668F60005816F7 /* Debug */,
				F7A39AE81B668F60005816F7 /* Release */,
			);
			defaultConfigurationIsVisible = 0;
			defaultConfigurationName = Release;
		};
/* End XCConfigurationList section */
	};
	rootObject = F7A39ABC1B668F60005816F7 /* Project object */;
}
