// !$*UTF8*$!
{
	archiveVersion = 1;
	classes = {
	};
	objectVersion = 46;
	objects = {

/* Begin PBXBuildFile section */
		F79FA3371B66A3B700288B72 /* AppDelegate.swift in Sources */ = {isa = PBXBuildFile; fileRef = F79FA3361B66A3B700288B72 /* AppDelegate.swift */; };
		F79FA3391B66A3B700288B72 /* ViewController.swift in Sources */ = {isa = PBXBuildFile; fileRef = F79FA3381B66A3B700288B72 /* ViewController.swift */; };
		F79FA33E1B66A3B700288B72 /* Images.xcassets in Resources */ = {isa = PBXBuildFile; fileRef = F79FA33D1B66A3B700288B72 /* Images.xcassets */; };
		F79FA3411B66A3B700288B72 /* LaunchScreen.xib in Resources */ = {isa = PBXBuildFile; fileRef = F79FA33F1B66A3B700288B72 /* LaunchScreen.xib */; };
		F79FA34D1B66A3B700288B72 /* cellViewCollection_0_4Tests.swift in Sources */ = {isa = PBXBuildFile; fileRef = F79FA34C1B66A3B700288B72 /* cellViewCollection_0_4Tests.swift */; };
		F79FA3571B66A42F00288B72 /* colvwCell.swift in Sources */ = {isa = PBXBuildFile; fileRef = F79FA3561B66A42F00288B72 /* colvwCell.swift */; };
		F79FA3611B66A6DA00288B72 /* monsters-01.png in Resources */ = {isa = PBXBuildFile; fileRef = F79FA3581B66A6DA00288B72 /* monsters-01.png */; };
		F79FA3621B66A6DA00288B72 /* monsters-02.png in Resources */ = {isa = PBXBuildFile; fileRef = F79FA3591B66A6DA00288B72 /* monsters-02.png */; };
		F79FA3631B66A6DA00288B72 /* monsters-03.png in Resources */ = {isa = PBXBuildFile; fileRef = F79FA35A1B66A6DA00288B72 /* monsters-03.png */; };
		F79FA3641B66A6DA00288B72 /* monsters-04.png in Resources */ = {isa = PBXBuildFile; fileRef = F79FA35B1B66A6DA00288B72 /* monsters-04.png */; };
		F79FA3651B66A6DA00288B72 /* monsters-05.png in Resources */ = {isa = PBXBuildFile; fileRef = F79FA35C1B66A6DA00288B72 /* monsters-05.png */; };
		F79FA3661B66A6DA00288B72 /* monsters-06.png in Resources */ = {isa = PBXBuildFile; fileRef = F79FA35D1B66A6DA00288B72 /* monsters-06.png */; };
		F79FA3671B66A6DA00288B72 /* monsters-07.png in Resources */ = {isa = PBXBuildFile; fileRef = F79FA35E1B66A6DA00288B72 /* monsters-07.png */; };
		F79FA3681B66A6DA00288B72 /* monsters-08.png in Resources */ = {isa = PBXBuildFile; fileRef = F79FA35F1B66A6DA00288B72 /* monsters-08.png */; };
		F79FA3691B66A6DA00288B72 /* monsters-09.png in Resources */ = {isa = PBXBuildFile; fileRef = F79FA3601B66A6DA00288B72 /* monsters-09.png */; };
/* End PBXBuildFile section */

/* Begin PBXContainerItemProxy section */
		F79FA3471B66A3B700288B72 /* PBXContainerItemProxy */ = {
			isa = PBXContainerItemProxy;
			containerPortal = F79FA3291B66A3B700288B72 /* Project object */;
			proxyType = 1;
			remoteGlobalIDString = F79FA3301B66A3B700288B72;
			remoteInfo = "cellViewCollection 0.4";
		};
/* End PBXContainerItemProxy section */

/* Begin PBXFileReference section */
		F79FA3311B66A3B700288B72 /* cellViewCollection 0.4.app */ = {isa = PBXFileReference; explicitFileType = wrapper.application; includeInIndex = 0; path = "cellViewCollection 0.4.app"; sourceTree = BUILT_PRODUCTS_DIR; };
		F79FA3351B66A3B700288B72 /* Info.plist */ = {isa = PBXFileReference; lastKnownFileType = text.plist.xml; path = Info.plist; sourceTree = "<group>"; };
		F79FA3361B66A3B700288B72 /* AppDelegate.swift */ = {isa = PBXFileReference; lastKnownFileType = sourcecode.swift; path = AppDelegate.swift; sourceTree = "<group>"; };
		F79FA3381B66A3B700288B72 /* ViewController.swift */ = {isa = PBXFileReference; lastKnownFileType = sourcecode.swift; path = ViewController.swift; sourceTree = "<group>"; };
		F79FA33D1B66A3B700288B72 /* Images.xcassets */ = {isa = PBXFileReference; lastKnownFileType = folder.assetcatalog; path = Images.xcassets; sourceTree = "<group>"; };
		F79FA3401B66A3B700288B72 /* Base */ = {isa = PBXFileReference; lastKnownFileType = file.xib; name = Base; path = Base.lproj/LaunchScreen.xib; sourceTree = "<group>"; };
		F79FA3461B66A3B700288B72 /* cellViewCollection 0.4Tests.xctest */ = {isa = PBXFileReference; explicitFileType = wrapper.cfbundle; includeInIndex = 0; path = "cellViewCollection 0.4Tests.xctest"; sourceTree = BUILT_PRODUCTS_DIR; };
		F79FA34B1B66A3B700288B72 /* Info.plist */ = {isa = PBXFileReference; lastKnownFileType = text.plist.xml; path = Info.plist; sourceTree = "<group>"; };
		F79FA34C1B66A3B700288B72 /* cellViewCollection_0_4Tests.swift */ = {isa = PBXFileReference; lastKnownFileType = sourcecode.swift; path = cellViewCollection_0_4Tests.swift; sourceTree = "<group>"; };
		F79FA3561B66A42F00288B72 /* colvwCell.swift */ = {isa = PBXFileReference; fileEncoding = 4; lastKnownFileType = sourcecode.swift; path = colvwCell.swift; sourceTree = "<group>"; };
		F79FA3581B66A6DA00288B72 /* monsters-01.png */ = {isa = PBXFileReference; lastKnownFileType = image.png; path = "monsters-01.png"; sourceTree = "<group>"; };
		F79FA3591B66A6DA00288B72 /* monsters-02.png */ = {isa = PBXFileReference; lastKnownFileType = image.png; path = "monsters-02.png"; sourceTree = "<group>"; };
		F79FA35A1B66A6DA00288B72 /* monsters-03.png */ = {isa = PBXFileReference; lastKnownFileType = image.png; path = "monsters-03.png"; sourceTree = "<group>"; };
		F79FA35B1B66A6DA00288B72 /* monsters-04.png */ = {isa = PBXFileReference; lastKnownFileType = image.png; path = "monsters-04.png"; sourceTree = "<group>"; };
		F79FA35C1B66A6DA00288B72 /* monsters-05.png */ = {isa = PBXFileReference; lastKnownFileType = image.png; path = "monsters-05.png"; sourceTree = "<group>"; };
		F79FA35D1B66A6DA00288B72 /* monsters-06.png */ = {isa = PBXFileReference; lastKnownFileType = image.png; path = "monsters-06.png"; sourceTree = "<group>"; };
		F79FA35E1B66A6DA00288B72 /* monsters-07.png */ = {isa = PBXFileReference; lastKnownFileType = image.png; path = "monsters-07.png"; sourceTree = "<group>"; };
		F79FA35F1B66A6DA00288B72 /* monsters-08.png */ = {isa = PBXFileReference; lastKnownFileType = image.png; path = "monsters-08.png"; sourceTree = "<group>"; };
		F79FA3601B66A6DA00288B72 /* monsters-09.png */ = {isa = PBXFileReference; lastKnownFileType = image.png; path = "monsters-09.png"; sourceTree = "<group>"; };
/* End PBXFileReference section */

/* Begin PBXFrameworksBuildPhase section */
		F79FA32E1B66A3B700288B72 /* Frameworks */ = {
			isa = PBXFrameworksBuildPhase;
			buildActionMask = 2147483647;
			files = (
			);
			runOnlyForDeploymentPostprocessing = 0;
		};
		F79FA3431B66A3B700288B72 /* Frameworks */ = {
			isa = PBXFrameworksBuildPhase;
			buildActionMask = 2147483647;
			files = (
			);
			runOnlyForDeploymentPostprocessing = 0;
		};
/* End PBXFrameworksBuildPhase section */

/* Begin PBXGroup section */
		F79FA3281B66A3B700288B72 = {
			isa = PBXGroup;
			children = (
				F79FA3331B66A3B700288B72 /* cellViewCollection 0.4 */,
				F79FA3491B66A3B700288B72 /* cellViewCollection 0.4Tests */,
				F79FA3321B66A3B700288B72 /* Products */,
			);
			sourceTree = "<group>";
		};
		F79FA3321B66A3B700288B72 /* Products */ = {
			isa = PBXGroup;
			children = (
				F79FA3311B66A3B700288B72 /* cellViewCollection 0.4.app */,
				F79FA3461B66A3B700288B72 /* cellViewCollection 0.4Tests.xctest */,
			);
			name = Products;
			sourceTree = "<group>";
		};
		F79FA3331B66A3B700288B72 /* cellViewCollection 0.4 */ = {
			isa = PBXGroup;
			children = (
				F79FA3361B66A3B700288B72 /* AppDelegate.swift */,
				F79FA3381B66A3B700288B72 /* ViewController.swift */,
				F79FA3561B66A42F00288B72 /* colvwCell.swift */,
				F79FA33D1B66A3B700288B72 /* Images.xcassets */,
				F79FA33F1B66A3B700288B72 /* LaunchScreen.xib */,
				F79FA3341B66A3B700288B72 /* Supporting Files */,
			);
			path = "cellViewCollection 0.4";
			sourceTree = "<group>";
		};
		F79FA3341B66A3B700288B72 /* Supporting Files */ = {
			isa = PBXGroup;
			children = (
				F79FA3581B66A6DA00288B72 /* monsters-01.png */,
				F79FA3591B66A6DA00288B72 /* monsters-02.png */,
				F79FA35A1B66A6DA00288B72 /* monsters-03.png */,
				F79FA35B1B66A6DA00288B72 /* monsters-04.png */,
				F79FA35C1B66A6DA00288B72 /* monsters-05.png */,
				F79FA35D1B66A6DA00288B72 /* monsters-06.png */,
				F79FA35E1B66A6DA00288B72 /* monsters-07.png */,
				F79FA35F1B66A6DA00288B72 /* monsters-08.png */,
				F79FA3601B66A6DA00288B72 /* monsters-09.png */,
				F79FA3351B66A3B700288B72 /* Info.plist */,
			);
			name = "Supporting Files";
			sourceTree = "<group>";
		};
		F79FA3491B66A3B700288B72 /* cellViewCollection 0.4Tests */ = {
			isa = PBXGroup;
			children = (
				F79FA34C1B66A3B700288B72 /* cellViewCollection_0_4Tests.swift */,
				F79FA34A1B66A3B700288B72 /* Supporting Files */,
			);
			path = "cellViewCollection 0.4Tests";
			sourceTree = "<group>";
		};
		F79FA34A1B66A3B700288B72 /* Supporting Files */ = {
			isa = PBXGroup;
			children = (
				F79FA34B1B66A3B700288B72 /* Info.plist */,
			);
			name = "Supporting Files";
			sourceTree = "<group>";
		};
/* End PBXGroup section */

/* Begin PBXNativeTarget section */
		F79FA3301B66A3B700288B72 /* cellViewCollection 0.4 */ = {
			isa = PBXNativeTarget;
			buildConfigurationList = F79FA3501B66A3B700288B72 /* Build configuration list for PBXNativeTarget "cellViewCollection 0.4" */;
			buildPhases = (
				F79FA32D1B66A3B700288B72 /* Sources */,
				F79FA32E1B66A3B700288B72 /* Frameworks */,
				F79FA32F1B66A3B700288B72 /* Resources */,
			);
			buildRules = (
			);
			dependencies = (
			);
			name = "cellViewCollection 0.4";
			productName = "cellViewCollection 0.4";
			productReference = F79FA3311B66A3B700288B72 /* cellViewCollection 0.4.app */;
			productType = "com.apple.product-type.application";
		};
		F79FA3451B66A3B700288B72 /* cellViewCollection 0.4Tests */ = {
			isa = PBXNativeTarget;
			buildConfigurationList = F79FA3531B66A3B700288B72 /* Build configuration list for PBXNativeTarget "cellViewCollection 0.4Tests" */;
			buildPhases = (
				F79FA3421B66A3B700288B72 /* Sources */,
				F79FA3431B66A3B700288B72 /* Frameworks */,
				F79FA3441B66A3B700288B72 /* Resources */,
			);
			buildRules = (
			);
			dependencies = (
				F79FA3481B66A3B700288B72 /* PBXTargetDependency */,
			);
			name = "cellViewCollection 0.4Tests";
			productName = "cellViewCollection 0.4Tests";
			productReference = F79FA3461B66A3B700288B72 /* cellViewCollection 0.4Tests.xctest */;
			productType = "com.apple.product-type.bundle.unit-test";
		};
/* End PBXNativeTarget section */

/* Begin PBXProject section */
		F79FA3291B66A3B700288B72 /* Project object */ = {
			isa = PBXProject;
			attributes = {
				LastUpgradeCheck = 0640;
				ORGANIZATIONNAME = ndrzhr;
				TargetAttributes = {
					F79FA3301B66A3B700288B72 = {
						CreatedOnToolsVersion = 6.4;
					};
					F79FA3451B66A3B700288B72 = {
						CreatedOnToolsVersion = 6.4;
						TestTargetID = F79FA3301B66A3B700288B72;
					};
				};
			};
			buildConfigurationList = F79FA32C1B66A3B700288B72 /* Build configuration list for PBXProject "cellViewCollection 0.4" */;
			compatibilityVersion = "Xcode 3.2";
			developmentRegion = English;
			hasScannedForEncodings = 0;
			knownRegions = (
				en,
				Base,
			);
			mainGroup = F79FA3281B66A3B700288B72;
			productRefGroup = F79FA3321B66A3B700288B72 /* Products */;
			projectDirPath = "";
			projectRoot = "";
			targets = (
				F79FA3301B66A3B700288B72 /* cellViewCollection 0.4 */,
				F79FA3451B66A3B700288B72 /* cellViewCollection 0.4Tests */,
			);
		};
/* End PBXProject section */

/* Begin PBXResourcesBuildPhase section */
		F79FA32F1B66A3B700288B72 /* Resources */ = {
			isa = PBXResourcesBuildPhase;
			buildActionMask = 2147483647;
			files = (
				F79FA3681B66A6DA00288B72 /* monsters-08.png in Resources */,
				F79FA3661B66A6DA00288B72 /* monsters-06.png in Resources */,
				F79FA3691B66A6DA00288B72 /* monsters-09.png in Resources */,
				F79FA3411B66A3B700288B72 /* LaunchScreen.xib in Resources */,
				F79FA3671B66A6DA00288B72 /* monsters-07.png in Resources */,
				F79FA33E1B66A3B700288B72 /* Images.xcassets in Resources */,
				F79FA3631B66A6DA00288B72 /* monsters-03.png in Resources */,
				F79FA3621B66A6DA00288B72 /* monsters-02.png in Resources */,
				F79FA3641B66A6DA00288B72 /* monsters-04.png in Resources */,
				F79FA3611B66A6DA00288B72 /* monsters-01.png in Resources */,
				F79FA3651B66A6DA00288B72 /* monsters-05.png in Resources */,
			);
			runOnlyForDeploymentPostprocessing = 0;
		};
		F79FA3441B66A3B700288B72 /* Resources */ = {
			isa = PBXResourcesBuildPhase;
			buildActionMask = 2147483647;
			files = (
			);
			runOnlyForDeploymentPostprocessing = 0;
		};
/* End PBXResourcesBuildPhase section */

/* Begin PBXSourcesBuildPhase section */
		F79FA32D1B66A3B700288B72 /* Sources */ = {
			isa = PBXSourcesBuildPhase;
			buildActionMask = 2147483647;
			files = (
				F79FA3391B66A3B700288B72 /* ViewController.swift in Sources */,
				F79FA3371B66A3B700288B72 /* AppDelegate.swift in Sources */,
				F79FA3571B66A42F00288B72 /* colvwCell.swift in Sources */,
			);
			runOnlyForDeploymentPostprocessing = 0;
		};
		F79FA3421B66A3B700288B72 /* Sources */ = {
			isa = PBXSourcesBuildPhase;
			buildActionMask = 2147483647;
			files = (
				F79FA34D1B66A3B700288B72 /* cellViewCollection_0_4Tests.swift in Sources */,
			);
			runOnlyForDeploymentPostprocessing = 0;
		};
/* End PBXSourcesBuildPhase section */

/* Begin PBXTargetDependency section */
		F79FA3481B66A3B700288B72 /* PBXTargetDependency */ = {
			isa = PBXTargetDependency;
			target = F79FA3301B66A3B700288B72 /* cellViewCollection 0.4 */;
			targetProxy = F79FA3471B66A3B700288B72 /* PBXContainerItemProxy */;
		};
/* End PBXTargetDependency section */

/* Begin PBXVariantGroup section */
		F79FA33F1B66A3B700288B72 /* LaunchScreen.xib */ = {
			isa = PBXVariantGroup;
			children = (
				F79FA3401B66A3B700288B72 /* Base */,
			);
			name = LaunchScreen.xib;
			sourceTree = "<group>";
		};
/* End PBXVariantGroup section */

/* Begin XCBuildConfiguration section */
		F79FA34E1B66A3B700288B72 /* Debug */ = {
			isa = XCBuildConfiguration;
			buildSettings = {
				ALWAYS_SEARCH_USER_PATHS = NO;
				CLANG_CXX_LANGUAGE_STANDARD = "gnu++0x";
				CLANG_CXX_LIBRARY = "libc++";
				CLANG_ENABLE_MODULES = YES;
				CLANG_ENABLE_OBJC_ARC = YES;
				CLANG_WARN_BOOL_CONVERSION = YES;
				CLANG_WARN_CONSTANT_CONVERSION = YES;
				CLANG_WARN_DIRECT_OBJC_ISA_USAGE = YES_ERROR;
				CLANG_WARN_EMPTY_BODY = YES;
				CLANG_WARN_ENUM_CONVERSION = YES;
				CLANG_WARN_INT_CONVERSION = YES;
				CLANG_WARN_OBJC_ROOT_CLASS = YES_ERROR;
				CLANG_WARN_UNREACHABLE_CODE = YES;
				CLANG_WARN__DUPLICATE_METHOD_MATCH = YES;
				"CODE_SIGN_IDENTITY[sdk=iphoneos*]" = "iPhone Developer";
				COPY_PHASE_STRIP = NO;
				DEBUG_INFORMATION_FORMAT = "dwarf-with-dsym";
				ENABLE_STRICT_OBJC_MSGSEND = YES;
				GCC_C_LANGUAGE_STANDARD = gnu99;
				GCC_DYNAMIC_NO_PIC = NO;
				GCC_NO_COMMON_BLOCKS = YES;
				GCC_OPTIMIZATION_LEVEL = 0;
				GCC_PREPROCESSOR_DEFINITIONS = (
					"DEBUG=1",
					"$(inherited)",
				);
				GCC_SYMBOLS_PRIVATE_EXTERN = NO;
				GCC_WARN_64_TO_32_BIT_CONVERSION = YES;
				GCC_WARN_ABOUT_RETURN_TYPE = YES_ERROR;
				GCC_WARN_UNDECLARED_SELECTOR = YES;
				GCC_WARN_UNINITIALIZED_AUTOS = YES_AGGRESSIVE;
				GCC_WARN_UNUSED_FUNCTION = YES;
				GCC_WARN_UNUSED_VARIABLE = YES;
				IPHONEOS_DEPLOYMENT_TARGET = 8.4;
				MTL_ENABLE_DEBUG_INFO = YES;
				ONLY_ACTIVE_ARCH = YES;
				SDKROOT = iphoneos;
				SWIFT_OPTIMIZATION_LEVEL = "-Onone";
			};
			name = Debug;
		};
		F79FA34F1B66A3B700288B72 /* Release */ = {
			isa = XCBuildConfiguration;
			buildSettings = {
				ALWAYS_SEARCH_USER_PATHS = NO;
				CLANG_CXX_LANGUAGE_STANDARD = "gnu++0x";
				CLANG_CXX_LIBRARY = "libc++";
				CLANG_ENABLE_MODULES = YES;
				CLANG_ENABLE_OBJC_ARC = YES;
				CLANG_WARN_BOOL_CONVERSION = YES;
				CLANG_WARN_CONSTANT_CONVERSION = YES;
				CLANG_WARN_DIRECT_OBJC_ISA_USAGE = YES_ERROR;
				CLANG_WARN_EMPTY_BODY = YES;
				CLANG_WARN_ENUM_CONVERSION = YES;
				CLANG_WARN_INT_CONVERSION = YES;
				CLANG_WARN_OBJC_ROOT_CLASS = YES_ERROR;
				CLANG_WARN_UNREACHABLE_CODE = YES;
				CLANG_WARN__DUPLICATE_METHOD_MATCH = YES;
				"CODE_SIGN_IDENTITY[sdk=iphoneos*]" = "iPhone Developer";
				COPY_PHASE_STRIP = NO;
				DEBUG_INFORMATION_FORMAT = "dwarf-with-dsym";
				ENABLE_NS_ASSERTIONS = NO;
				ENABLE_STRICT_OBJC_MSGSEND = YES;
				GCC_C_LANGUAGE_STANDARD = gnu99;
				GCC_NO_COMMON_BLOCKS = YES;
				GCC_WARN_64_TO_32_BIT_CONVERSION = YES;
				GCC_WARN_ABOUT_RETURN_TYPE = YES_ERROR;
				GCC_WARN_UNDECLARED_SELECTOR = YES;
				GCC_WARN_UNINITIALIZED_AUTOS = YES_AGGRESSIVE;
				GCC_WARN_UNUSED_FUNCTION = YES;
				GCC_WARN_UNUSED_VARIABLE = YES;
				IPHONEOS_DEPLOYMENT_TARGET = 8.4;
				MTL_ENABLE_DEBUG_INFO = NO;
				SDKROOT = iphoneos;
				VALIDATE_PRODUCT = YES;
			};
			name = Release;
		};
		F79FA3511B66A3B700288B72 /* Debug */ = {
			isa = XCBuildConfiguration;
			buildSettings = {
				ASSETCATALOG_COMPILER_APPICON_NAME = AppIcon;
				INFOPLIST_FILE = "cellViewCollection 0.4/Info.plist";
				LD_RUNPATH_SEARCH_PATHS = "$(inherited) @executable_path/Frameworks";
				PRODUCT_NAME = "$(TARGET_NAME)";
			};
			name = Debug;
		};
		F79FA3521B66A3B700288B72 /* Release */ = {
			isa = XCBuildConfiguration;
			buildSettings = {
				ASSETCATALOG_COMPILER_APPICON_NAME = AppIcon;
				INFOPLIST_FILE = "cellViewCollection 0.4/Info.plist";
				LD_RUNPATH_SEARCH_PATHS = "$(inherited) @executable_path/Frameworks";
				PRODUCT_NAME = "$(TARGET_NAME)";
			};
			name = Release;
		};
		F79FA3541B66A3B700288B72 /* Debug */ = {
			isa = XCBuildConfiguration;
			buildSettings = {
				BUNDLE_LOADER = "$(TEST_HOST)";
				FRAMEWORK_SEARCH_PATHS = (
					"$(SDKROOT)/Developer/Library/Frameworks",
					"$(inherited)",
				);
				GCC_PREPROCESSOR_DEFINITIONS = (
					"DEBUG=1",
					"$(inherited)",
				);
				INFOPLIST_FILE = "cellViewCollection 0.4Tests/Info.plist";
				LD_RUNPATH_SEARCH_PATHS = "$(inherited) @executable_path/Frameworks @loader_path/Frameworks";
				PRODUCT_NAME = "$(TARGET_NAME)";
				TEST_HOST = "$(BUILT_PRODUCTS_DIR)/cellViewCollection 0.4.app/cellViewCollection 0.4";
			};
			name = Debug;
		};
		F79FA3551B66A3B700288B72 /* Release */ = {
			isa = XCBuildConfiguration;
			buildSettings = {
				BUNDLE_LOADER = "$(TEST_HOST)";
				FRAMEWORK_SEARCH_PATHS = (
					"$(SDKROOT)/Developer/Library/Frameworks",
					"$(inherited)",
				);
				INFOPLIST_FILE = "cellViewCollection 0.4Tests/Info.plist";
				LD_RUNPATH_SEARCH_PATHS = "$(inherited) @executable_path/Frameworks @loader_path/Frameworks";
				PRODUCT_NAME = "$(TARGET_NAME)";
				TEST_HOST = "$(BUILT_PRODUCTS_DIR)/cellViewCollection 0.4.app/cellViewCollection 0.4";
			};
			name = Release;
		};
/* End XCBuildConfiguration section */

/* Begin XCConfigurationList section */
		F79FA32C1B66A3B700288B72 /* Build configuration list for PBXProject "cellViewCollection 0.4" */ = {
			isa = XCConfigurationList;
			buildConfigurations = (
				F79FA34E1B66A3B700288B72 /* Debug */,
				F79FA34F1B66A3B700288B72 /* Release */,
			);
			defaultConfigurationIsVisible = 0;
			defaultConfigurationName = Release;
		};
		F79FA3501B66A3B700288B72 /* Build configuration list for PBXNativeTarget "cellViewCollection 0.4" */ = {
			isa = XCConfigurationList;
			buildConfigurations = (
				F79FA3511B66A3B700288B72 /* Debug */,
				F79FA3521B66A3B700288B72 /* Release */,
			);
			defaultConfigurationIsVisible = 0;
		};
		F79FA3531B66A3B700288B72 /* Build configuration list for PBXNativeTarget "cellViewCollection 0.4Tests" */ = {
			isa = XCConfigurationList;
			buildConfigurations = (
				F79FA3541B66A3B700288B72 /* Debug */,
				F79FA3551B66A3B700288B72 /* Release */,
			);
			defaultConfigurationIsVisible = 0;
		};
/* End XCConfigurationList section */
	};
	rootObject = F79FA3291B66A3B700288B72 /* Project object */;
}
