// !$*UTF8*$!
{
	archiveVersion = 1;
	classes = {
	};
	objectVersion = 46;
	objects = {

/* Begin PBXBuildFile section */
		F7160D131B3947AA00DD8968 /* Message.swift in Sources */ = {isa = PBXBuildFile; fileRef = F7160D121B3947AA00DD8968 /* Message.swift */; };
		F789992B1B37DAD20093E414 /* AppDelegate.swift in Sources */ = {isa = PBXBuildFile; fileRef = F789992A1B37DAD20093E414 /* AppDelegate.swift */; };
		F789992D1B37DAD20093E414 /* ViewController.swift in Sources */ = {isa = PBXBuildFile; fileRef = F789992C1B37DAD20093E414 /* ViewController.swift */; };
		F78999301B37DAD20093E414 /* Main.storyboard in Resources */ = {isa = PBXBuildFile; fileRef = F789992E1B37DAD20093E414 /* Main.storyboard */; };
		F78999321B37DAD20093E414 /* Images.xcassets in Resources */ = {isa = PBXBuildFile; fileRef = F78999311B37DAD20093E414 /* Images.xcassets */; };
		F78999351B37DAD20093E414 /* LaunchScreen.xib in Resources */ = {isa = PBXBuildFile; fileRef = F78999331B37DAD20093E414 /* LaunchScreen.xib */; };
		F78999411B37DAD20093E414 /* GPSTracker_1_4Tests.swift in Sources */ = {isa = PBXBuildFile; fileRef = F78999401B37DAD20093E414 /* GPSTracker_1_4Tests.swift */; };
		F789994D1B37DDDD0093E414 /* LocationDelegate.swift in Sources */ = {isa = PBXBuildFile; fileRef = F789994C1B37DDDD0093E414 /* LocationDelegate.swift */; };
/* End PBXBuildFile section */

/* Begin PBXContainerItemProxy section */
		F789993B1B37DAD20093E414 /* PBXContainerItemProxy */ = {
			isa = PBXContainerItemProxy;
			containerPortal = F789991D1B37DAD20093E414 /* Project object */;
			proxyType = 1;
			remoteGlobalIDString = F78999241B37DAD20093E414;
			remoteInfo = "GPSTracker 1.4";
		};
/* End PBXContainerItemProxy section */

/* Begin PBXFileReference section */
		F7160D121B3947AA00DD8968 /* Message.swift */ = {isa = PBXFileReference; fileEncoding = 4; lastKnownFileType = sourcecode.swift; path = Message.swift; sourceTree = "<group>"; };
		F78999251B37DAD20093E414 /* GPSTracker 1.4.app */ = {isa = PBXFileReference; explicitFileType = wrapper.application; includeInIndex = 0; path = "GPSTracker 1.4.app"; sourceTree = BUILT_PRODUCTS_DIR; };
		F78999291B37DAD20093E414 /* Info.plist */ = {isa = PBXFileReference; lastKnownFileType = text.plist.xml; path = Info.plist; sourceTree = "<group>"; };
		F789992A1B37DAD20093E414 /* AppDelegate.swift */ = {isa = PBXFileReference; lastKnownFileType = sourcecode.swift; path = AppDelegate.swift; sourceTree = "<group>"; };
		F789992C1B37DAD20093E414 /* ViewController.swift */ = {isa = PBXFileReference; lastKnownFileType = sourcecode.swift; path = ViewController.swift; sourceTree = "<group>"; };
		F789992F1B37DAD20093E414 /* Base */ = {isa = PBXFileReference; lastKnownFileType = file.storyboard; name = Base; path = Base.lproj/Main.storyboard; sourceTree = "<group>"; };
		F78999311B37DAD20093E414 /* Images.xcassets */ = {isa = PBXFileReference; lastKnownFileType = folder.assetcatalog; path = Images.xcassets; sourceTree = "<group>"; };
		F78999341B37DAD20093E414 /* Base */ = {isa = PBXFileReference; lastKnownFileType = file.xib; name = Base; path = Base.lproj/LaunchScreen.xib; sourceTree = "<group>"; };
		F789993A1B37DAD20093E414 /* GPSTracker 1.4Tests.xctest */ = {isa = PBXFileReference; explicitFileType = wrapper.cfbundle; includeInIndex = 0; path = "GPSTracker 1.4Tests.xctest"; sourceTree = BUILT_PRODUCTS_DIR; };
		F789993F1B37DAD20093E414 /* Info.plist */ = {isa = PBXFileReference; lastKnownFileType = text.plist.xml; path = Info.plist; sourceTree = "<group>"; };
		F78999401B37DAD20093E414 /* GPSTracker_1_4Tests.swift */ = {isa = PBXFileReference; lastKnownFileType = sourcecode.swift; path = GPSTracker_1_4Tests.swift; sourceTree = "<group>"; };
		F789994C1B37DDDD0093E414 /* LocationDelegate.swift */ = {isa = PBXFileReference; fileEncoding = 4; lastKnownFileType = sourcecode.swift; path = LocationDelegate.swift; sourceTree = "<group>"; };
/* End PBXFileReference section */

/* Begin PBXFrameworksBuildPhase section */
		F78999221B37DAD20093E414 /* Frameworks */ = {
			isa = PBXFrameworksBuildPhase;
			buildActionMask = 2147483647;
			files = (
			);
			runOnlyForDeploymentPostprocessing = 0;
		};
		F78999371B37DAD20093E414 /* Frameworks */ = {
			isa = PBXFrameworksBuildPhase;
			buildActionMask = 2147483647;
			files = (
			);
			runOnlyForDeploymentPostprocessing = 0;
		};
/* End PBXFrameworksBuildPhase section */

/* Begin PBXGroup section */
		F789991C1B37DAD20093E414 = {
			isa = PBXGroup;
			children = (
				F78999271B37DAD20093E414 /* GPSTracker 1.4 */,
				F789993D1B37DAD20093E414 /* GPSTracker 1.4Tests */,
				F78999261B37DAD20093E414 /* Products */,
			);
			sourceTree = "<group>";
		};
		F78999261B37DAD20093E414 /* Products */ = {
			isa = PBXGroup;
			children = (
				F78999251B37DAD20093E414 /* GPSTracker 1.4.app */,
				F789993A1B37DAD20093E414 /* GPSTracker 1.4Tests.xctest */,
			);
			name = Products;
			sourceTree = "<group>";
		};
		F78999271B37DAD20093E414 /* GPSTracker 1.4 */ = {
			isa = PBXGroup;
			children = (
				F789992A1B37DAD20093E414 /* AppDelegate.swift */,
				F7160D121B3947AA00DD8968 /* Message.swift */,
				F789992C1B37DAD20093E414 /* ViewController.swift */,
				F789992E1B37DAD20093E414 /* Main.storyboard */,
				F78999311B37DAD20093E414 /* Images.xcassets */,
				F78999331B37DAD20093E414 /* LaunchScreen.xib */,
				F78999281B37DAD20093E414 /* Supporting Files */,
				F789994C1B37DDDD0093E414 /* LocationDelegate.swift */,
			);
			path = "GPSTracker 1.4";
			sourceTree = "<group>";
		};
		F78999281B37DAD20093E414 /* Supporting Files */ = {
			isa = PBXGroup;
			children = (
				F78999291B37DAD20093E414 /* Info.plist */,
			);
			name = "Supporting Files";
			sourceTree = "<group>";
		};
		F789993D1B37DAD20093E414 /* GPSTracker 1.4Tests */ = {
			isa = PBXGroup;
			children = (
				F78999401B37DAD20093E414 /* GPSTracker_1_4Tests.swift */,
				F789993E1B37DAD20093E414 /* Supporting Files */,
			);
			path = "GPSTracker 1.4Tests";
			sourceTree = "<group>";
		};
		F789993E1B37DAD20093E414 /* Supporting Files */ = {
			isa = PBXGroup;
			children = (
				F789993F1B37DAD20093E414 /* Info.plist */,
			);
			name = "Supporting Files";
			sourceTree = "<group>";
		};
/* End PBXGroup section */

/* Begin PBXNativeTarget section */
		F78999241B37DAD20093E414 /* GPSTracker 1.4 */ = {
			isa = PBXNativeTarget;
			buildConfigurationList = F78999441B37DAD20093E414 /* Build configuration list for PBXNativeTarget "GPSTracker 1.4" */;
			buildPhases = (
				F78999211B37DAD20093E414 /* Sources */,
				F78999221B37DAD20093E414 /* Frameworks */,
				F78999231B37DAD20093E414 /* Resources */,
			);
			buildRules = (
			);
			dependencies = (
			);
			name = "GPSTracker 1.4";
			productName = "GPSTracker 1.4";
			productReference = F78999251B37DAD20093E414 /* GPSTracker 1.4.app */;
			productType = "com.apple.product-type.application";
		};
		F78999391B37DAD20093E414 /* GPSTracker 1.4Tests */ = {
			isa = PBXNativeTarget;
			buildConfigurationList = F78999471B37DAD20093E414 /* Build configuration list for PBXNativeTarget "GPSTracker 1.4Tests" */;
			buildPhases = (
				F78999361B37DAD20093E414 /* Sources */,
				F78999371B37DAD20093E414 /* Frameworks */,
				F78999381B37DAD20093E414 /* Resources */,
			);
			buildRules = (
			);
			dependencies = (
				F789993C1B37DAD20093E414 /* PBXTargetDependency */,
			);
			name = "GPSTracker 1.4Tests";
			productName = "GPSTracker 1.4Tests";
			productReference = F789993A1B37DAD20093E414 /* GPSTracker 1.4Tests.xctest */;
			productType = "com.apple.product-type.bundle.unit-test";
		};
/* End PBXNativeTarget section */

/* Begin PBXProject section */
		F789991D1B37DAD20093E414 /* Project object */ = {
			isa = PBXProject;
			attributes = {
				LastUpgradeCheck = 0630;
				ORGANIZATIONNAME = ndrzhr;
				TargetAttributes = {
					F78999241B37DAD20093E414 = {
						CreatedOnToolsVersion = 6.3.2;
						SystemCapabilities = {
							com.apple.BackgroundModes = {
								enabled = 1;
							};
						};
					};
					F78999391B37DAD20093E414 = {
						CreatedOnToolsVersion = 6.3.2;
						TestTargetID = F78999241B37DAD20093E414;
					};
				};
			};
			buildConfigurationList = F78999201B37DAD20093E414 /* Build configuration list for PBXProject "GPSTracker 1.4" */;
			compatibilityVersion = "Xcode 3.2";
			developmentRegion = English;
			hasScannedForEncodings = 0;
			knownRegions = (
				en,
				Base,
			);
			mainGroup = F789991C1B37DAD20093E414;
			productRefGroup = F78999261B37DAD20093E414 /* Products */;
			projectDirPath = "";
			projectRoot = "";
			targets = (
				F78999241B37DAD20093E414 /* GPSTracker 1.4 */,
				F78999391B37DAD20093E414 /* GPSTracker 1.4Tests */,
			);
		};
/* End PBXProject section */

/* Begin PBXResourcesBuildPhase section */
		F78999231B37DAD20093E414 /* Resources */ = {
			isa = PBXResourcesBuildPhase;
			buildActionMask = 2147483647;
			files = (
				F78999301B37DAD20093E414 /* Main.storyboard in Resources */,
				F78999351B37DAD20093E414 /* LaunchScreen.xib in Resources */,
				F78999321B37DAD20093E414 /* Images.xcassets in Resources */,
			);
			runOnlyForDeploymentPostprocessing = 0;
		};
		F78999381B37DAD20093E414 /* Resources */ = {
			isa = PBXResourcesBuildPhase;
			buildActionMask = 2147483647;
			files = (
			);
			runOnlyForDeploymentPostprocessing = 0;
		};
/* End PBXResourcesBuildPhase section */

/* Begin PBXSourcesBuildPhase section */
		F78999211B37DAD20093E414 /* Sources */ = {
			isa = PBXSourcesBuildPhase;
			buildActionMask = 2147483647;
			files = (
				F789992D1B37DAD20093E414 /* ViewController.swift in Sources */,
				F7160D131B3947AA00DD8968 /* Message.swift in Sources */,
				F789994D1B37DDDD0093E414 /* LocationDelegate.swift in Sources */,
				F789992B1B37DAD20093E414 /* AppDelegate.swift in Sources */,
			);
			runOnlyForDeploymentPostprocessing = 0;
		};
		F78999361B37DAD20093E414 /* Sources */ = {
			isa = PBXSourcesBuildPhase;
			buildActionMask = 2147483647;
			files = (
				F78999411B37DAD20093E414 /* GPSTracker_1_4Tests.swift in Sources */,
			);
			runOnlyForDeploymentPostprocessing = 0;
		};
/* End PBXSourcesBuildPhase section */

/* Begin PBXTargetDependency section */
		F789993C1B37DAD20093E414 /* PBXTargetDependency */ = {
			isa = PBXTargetDependency;
			target = F78999241B37DAD20093E414 /* GPSTracker 1.4 */;
			targetProxy = F789993B1B37DAD20093E414 /* PBXContainerItemProxy */;
		};
/* End PBXTargetDependency section */

/* Begin PBXVariantGroup section */
		F789992E1B37DAD20093E414 /* Main.storyboard */ = {
			isa = PBXVariantGroup;
			children = (
				F789992F1B37DAD20093E414 /* Base */,
			);
			name = Main.storyboard;
			sourceTree = "<group>";
		};
		F78999331B37DAD20093E414 /* LaunchScreen.xib */ = {
			isa = PBXVariantGroup;
			children = (
				F78999341B37DAD20093E414 /* Base */,
			);
			name = LaunchScreen.xib;
			sourceTree = "<group>";
		};
/* End PBXVariantGroup section */

/* Begin XCBuildConfiguration section */
		F78999421B37DAD20093E414 /* Debug */ = {
			isa = XCBuildConfiguration;
			buildSettings = {
				ALWAYS_SEARCH_USER_PATHS = NO;
				CLANG_CXX_LANGUAGE_STANDARD = "gnu++0x";
				CLANG_CXX_LIBRARY = "libc++";
				CLANG_ENABLE_MODULES = YES;
				CLANG_ENABLE_OBJC_ARC = YES;
				CLANG_WARN_BOOL_CONVERSION = YES;
				CLANG_WARN_CONSTANT_CONVERSION = YES;
				CLANG_WARN_DIRECT_OBJC_ISA_USAGE = YES_ERROR;
				CLANG_WARN_EMPTY_BODY = YES;
				CLANG_WARN_ENUM_CONVERSION = YES;
				CLANG_WARN_INT_CONVERSION = YES;
				CLANG_WARN_OBJC_ROOT_CLASS = YES_ERROR;
				CLANG_WARN_UNREACHABLE_CODE = YES;
				CLANG_WARN__DUPLICATE_METHOD_MATCH = YES;
				"CODE_SIGN_IDENTITY[sdk=iphoneos*]" = "iPhone Developer";
				COPY_PHASE_STRIP = NO;
				DEBUG_INFORMATION_FORMAT = "dwarf-with-dsym";
				ENABLE_STRICT_OBJC_MSGSEND = YES;
				GCC_C_LANGUAGE_STANDARD = gnu99;
				GCC_DYNAMIC_NO_PIC = NO;
				GCC_NO_COMMON_BLOCKS = YES;
				GCC_OPTIMIZATION_LEVEL = 0;
				GCC_PREPROCESSOR_DEFINITIONS = (
					"DEBUG=1",
					"$(inherited)",
				);
				GCC_SYMBOLS_PRIVATE_EXTERN = NO;
				GCC_WARN_64_TO_32_BIT_CONVERSION = YES;
				GCC_WARN_ABOUT_RETURN_TYPE = YES_ERROR;
				GCC_WARN_UNDECLARED_SELECTOR = YES;
				GCC_WARN_UNINITIALIZED_AUTOS = YES_AGGRESSIVE;
				GCC_WARN_UNUSED_FUNCTION = YES;
				GCC_WARN_UNUSED_VARIABLE = YES;
				IPHONEOS_DEPLOYMENT_TARGET = 8.3;
				MTL_ENABLE_DEBUG_INFO = YES;
				ONLY_ACTIVE_ARCH = YES;
				SDKROOT = iphoneos;
				SWIFT_OPTIMIZATION_LEVEL = "-Onone";
			};
			name = Debug;
		};
		F78999431B37DAD20093E414 /* Release */ = {
			isa = XCBuildConfiguration;
			buildSettings = {
				ALWAYS_SEARCH_USER_PATHS = NO;
				CLANG_CXX_LANGUAGE_STANDARD = "gnu++0x";
				CLANG_CXX_LIBRARY = "libc++";
				CLANG_ENABLE_MODULES = YES;
				CLANG_ENABLE_OBJC_ARC = YES;
				CLANG_WARN_BOOL_CONVERSION = YES;
				CLANG_WARN_CONSTANT_CONVERSION = YES;
				CLANG_WARN_DIRECT_OBJC_ISA_USAGE = YES_ERROR;
				CLANG_WARN_EMPTY_BODY = YES;
				CLANG_WARN_ENUM_CONVERSION = YES;
				CLANG_WARN_INT_CONVERSION = YES;
				CLANG_WARN_OBJC_ROOT_CLASS = YES_ERROR;
				CLANG_WARN_UNREACHABLE_CODE = YES;
				CLANG_WARN__DUPLICATE_METHOD_MATCH = YES;
				"CODE_SIGN_IDENTITY[sdk=iphoneos*]" = "iPhone Developer";
				COPY_PHASE_STRIP = NO;
				DEBUG_INFORMATION_FORMAT = "dwarf-with-dsym";
				ENABLE_NS_ASSERTIONS = NO;
				ENABLE_STRICT_OBJC_MSGSEND = YES;
				GCC_C_LANGUAGE_STANDARD = gnu99;
				GCC_NO_COMMON_BLOCKS = YES;
				GCC_WARN_64_TO_32_BIT_CONVERSION = YES;
				GCC_WARN_ABOUT_RETURN_TYPE = YES_ERROR;
				GCC_WARN_UNDECLARED_SELECTOR = YES;
				GCC_WARN_UNINITIALIZED_AUTOS = YES_AGGRESSIVE;
				GCC_WARN_UNUSED_FUNCTION = YES;
				GCC_WARN_UNUSED_VARIABLE = YES;
				IPHONEOS_DEPLOYMENT_TARGET = 8.3;
				MTL_ENABLE_DEBUG_INFO = NO;
				SDKROOT = iphoneos;
				VALIDATE_PRODUCT = YES;
			};
			name = Release;
		};
		F78999451B37DAD20093E414 /* Debug */ = {
			isa = XCBuildConfiguration;
			buildSettings = {
				ASSETCATALOG_COMPILER_APPICON_NAME = AppIcon;
				INFOPLIST_FILE = "GPSTracker 1.4/Info.plist";
				LD_RUNPATH_SEARCH_PATHS = "$(inherited) @executable_path/Frameworks";
				PRODUCT_NAME = "$(TARGET_NAME)";
			};
			name = Debug;
		};
		F78999461B37DAD20093E414 /* Release */ = {
			isa = XCBuildConfiguration;
			buildSettings = {
				ASSETCATALOG_COMPILER_APPICON_NAME = AppIcon;
				INFOPLIST_FILE = "GPSTracker 1.4/Info.plist";
				LD_RUNPATH_SEARCH_PATHS = "$(inherited) @executable_path/Frameworks";
				PRODUCT_NAME = "$(TARGET_NAME)";
			};
			name = Release;
		};
		F78999481B37DAD20093E414 /* Debug */ = {
			isa = XCBuildConfiguration;
			buildSettings = {
				BUNDLE_LOADER = "$(TEST_HOST)";
				FRAMEWORK_SEARCH_PATHS = (
					"$(SDKROOT)/Developer/Library/Frameworks",
					"$(inherited)",
				);
				GCC_PREPROCESSOR_DEFINITIONS = (
					"DEBUG=1",
					"$(inherited)",
				);
				INFOPLIST_FILE = "GPSTracker 1.4Tests/Info.plist";
				LD_RUNPATH_SEARCH_PATHS = "$(inherited) @executable_path/Frameworks @loader_path/Frameworks";
				PRODUCT_NAME = "$(TARGET_NAME)";
				TEST_HOST = "$(BUILT_PRODUCTS_DIR)/GPSTracker 1.4.app/GPSTracker 1.4";
			};
			name = Debug;
		};
		F78999491B37DAD20093E414 /* Release */ = {
			isa = XCBuildConfiguration;
			buildSettings = {
				BUNDLE_LOADER = "$(TEST_HOST)";
				FRAMEWORK_SEARCH_PATHS = (
					"$(SDKROOT)/Developer/Library/Frameworks",
					"$(inherited)",
				);
				INFOPLIST_FILE = "GPSTracker 1.4Tests/Info.plist";
				LD_RUNPATH_SEARCH_PATHS = "$(inherited) @executable_path/Frameworks @loader_path/Frameworks";
				PRODUCT_NAME = "$(TARGET_NAME)";
				TEST_HOST = "$(BUILT_PRODUCTS_DIR)/GPSTracker 1.4.app/GPSTracker 1.4";
			};
			name = Release;
		};
/* End XCBuildConfiguration section */

/* Begin XCConfigurationList section */
		F78999201B37DAD20093E414 /* Build configuration list for PBXProject "GPSTracker 1.4" */ = {
			isa = XCConfigurationList;
			buildConfigurations = (
				F78999421B37DAD20093E414 /* Debug */,
				F78999431B37DAD20093E414 /* Release */,
			);
			defaultConfigurationIsVisible = 0;
			defaultConfigurationName = Release;
		};
		F78999441B37DAD20093E414 /* Build configuration list for PBXNativeTarget "GPSTracker 1.4" */ = {
			isa = XCConfigurationList;
			buildConfigurations = (
				F78999451B37DAD20093E414 /* Debug */,
				F78999461B37DAD20093E414 /* Release */,
			);
			defaultConfigurationIsVisible = 0;
			defaultConfigurationName = Release;
		};
		F78999471B37DAD20093E414 /* Build configuration list for PBXNativeTarget "GPSTracker 1.4Tests" */ = {
			isa = XCConfigurationList;
			buildConfigurations = (
				F78999481B37DAD20093E414 /* Debug */,
				F78999491B37DAD20093E414 /* Release */,
			);
			defaultConfigurationIsVisible = 0;
			defaultConfigurationName = Release;
		};
/* End XCConfigurationList section */
	};
	rootObject = F789991D1B37DAD20093E414 /* Project object */;
}
