// !$*UTF8*$!
{
	archiveVersion = 1;
	classes = {
	};
	objectVersion = 46;
	objects = {

/* Begin PBXBuildFile section */
		F7C78EAE1B810B1600A2CBAD /* AppDelegate.swift in Sources */ = {isa = PBXBuildFile; fileRef = F7C78EAD1B810B1600A2CBAD /* AppDelegate.swift */; };
		F7C78EB01B810B1600A2CBAD /* FirstViewController.swift in Sources */ = {isa = PBXBuildFile; fileRef = F7C78EAF1B810B1600A2CBAD /* FirstViewController.swift */; };
		F7C78EB21B810B1600A2CBAD /* SecondViewController.swift in Sources */ = {isa = PBXBuildFile; fileRef = F7C78EB11B810B1600A2CBAD /* SecondViewController.swift */; };
		F7C78EB51B810B1600A2CBAD /* Main.storyboard in Resources */ = {isa = PBXBuildFile; fileRef = F7C78EB31B810B1600A2CBAD /* Main.storyboard */; };
		F7C78EB71B810B1600A2CBAD /* Images.xcassets in Resources */ = {isa = PBXBuildFile; fileRef = F7C78EB61B810B1600A2CBAD /* Images.xcassets */; };
		F7C78EBA1B810B1600A2CBAD /* LaunchScreen.xib in Resources */ = {isa = PBXBuildFile; fileRef = F7C78EB81B810B1600A2CBAD /* LaunchScreen.xib */; };
		F7C78EC61B810B1700A2CBAD /* PrototypingAnimationTests.swift in Sources */ = {isa = PBXBuildFile; fileRef = F7C78EC51B810B1700A2CBAD /* PrototypingAnimationTests.swift */; };
/* End PBXBuildFile section */

/* Begin PBXContainerItemProxy section */
		F7C78EC01B810B1700A2CBAD /* PBXContainerItemProxy */ = {
			isa = PBXContainerItemProxy;
			containerPortal = F7C78EA01B810B1600A2CBAD /* Project object */;
			proxyType = 1;
			remoteGlobalIDString = F7C78EA71B810B1600A2CBAD;
			remoteInfo = PrototypingAnimation;
		};
/* End PBXContainerItemProxy section */

/* Begin PBXFileReference section */
		F7C78EA81B810B1600A2CBAD /* PrototypingAnimation.app */ = {isa = PBXFileReference; explicitFileType = wrapper.application; includeInIndex = 0; path = PrototypingAnimation.app; sourceTree = BUILT_PRODUCTS_DIR; };
		F7C78EAC1B810B1600A2CBAD /* Info.plist */ = {isa = PBXFileReference; lastKnownFileType = text.plist.xml; path = Info.plist; sourceTree = "<group>"; };
		F7C78EAD1B810B1600A2CBAD /* AppDelegate.swift */ = {isa = PBXFileReference; lastKnownFileType = sourcecode.swift; path = AppDelegate.swift; sourceTree = "<group>"; };
		F7C78EAF1B810B1600A2CBAD /* FirstViewController.swift */ = {isa = PBXFileReference; lastKnownFileType = sourcecode.swift; path = FirstViewController.swift; sourceTree = "<group>"; };
		F7C78EB11B810B1600A2CBAD /* SecondViewController.swift */ = {isa = PBXFileReference; lastKnownFileType = sourcecode.swift; path = SecondViewController.swift; sourceTree = "<group>"; };
		F7C78EB41B810B1600A2CBAD /* Base */ = {isa = PBXFileReference; lastKnownFileType = file.storyboard; name = Base; path = Base.lproj/Main.storyboard; sourceTree = "<group>"; };
		F7C78EB61B810B1600A2CBAD /* Images.xcassets */ = {isa = PBXFileReference; lastKnownFileType = folder.assetcatalog; path = Images.xcassets; sourceTree = "<group>"; };
		F7C78EB91B810B1600A2CBAD /* Base */ = {isa = PBXFileReference; lastKnownFileType = file.xib; name = Base; path = Base.lproj/LaunchScreen.xib; sourceTree = "<group>"; };
		F7C78EBF1B810B1700A2CBAD /* PrototypingAnimationTests.xctest */ = {isa = PBXFileReference; explicitFileType = wrapper.cfbundle; includeInIndex = 0; path = PrototypingAnimationTests.xctest; sourceTree = BUILT_PRODUCTS_DIR; };
		F7C78EC41B810B1700A2CBAD /* Info.plist */ = {isa = PBXFileReference; lastKnownFileType = text.plist.xml; path = Info.plist; sourceTree = "<group>"; };
		F7C78EC51B810B1700A2CBAD /* PrototypingAnimationTests.swift */ = {isa = PBXFileReference; lastKnownFileType = sourcecode.swift; path = PrototypingAnimationTests.swift; sourceTree = "<group>"; };
/* End PBXFileReference section */

/* Begin PBXFrameworksBuildPhase section */
		F7C78EA51B810B1600A2CBAD /* Frameworks */ = {
			isa = PBXFrameworksBuildPhase;
			buildActionMask = 2147483647;
			files = (
			);
			runOnlyForDeploymentPostprocessing = 0;
		};
		F7C78EBC1B810B1700A2CBAD /* Frameworks */ = {
			isa = PBXFrameworksBuildPhase;
			buildActionMask = 2147483647;
			files = (
			);
			runOnlyForDeploymentPostprocessing = 0;
		};
/* End PBXFrameworksBuildPhase section */

/* Begin PBXGroup section */
		F7C78E9F1B810B1600A2CBAD = {
			isa = PBXGroup;
			children = (
				F7C78EAA1B810B1600A2CBAD /* PrototypingAnimation */,
				F7C78EC21B810B1700A2CBAD /* PrototypingAnimationTests */,
				F7C78EA91B810B1600A2CBAD /* Products */,
			);
			sourceTree = "<group>";
		};
		F7C78EA91B810B1600A2CBAD /* Products */ = {
			isa = PBXGroup;
			children = (
				F7C78EA81B810B1600A2CBAD /* PrototypingAnimation.app */,
				F7C78EBF1B810B1700A2CBAD /* PrototypingAnimationTests.xctest */,
			);
			name = Products;
			sourceTree = "<group>";
		};
		F7C78EAA1B810B1600A2CBAD /* PrototypingAnimation */ = {
			isa = PBXGroup;
			children = (
				F7C78EAD1B810B1600A2CBAD /* AppDelegate.swift */,
				F7C78EAF1B810B1600A2CBAD /* FirstViewController.swift */,
				F7C78EB11B810B1600A2CBAD /* SecondViewController.swift */,
				F7C78EB31B810B1600A2CBAD /* Main.storyboard */,
				F7C78EB61B810B1600A2CBAD /* Images.xcassets */,
				F7C78EB81B810B1600A2CBAD /* LaunchScreen.xib */,
				F7C78EAB1B810B1600A2CBAD /* Supporting Files */,
			);
			path = PrototypingAnimation;
			sourceTree = "<group>";
		};
		F7C78EAB1B810B1600A2CBAD /* Supporting Files */ = {
			isa = PBXGroup;
			children = (
				F7C78EAC1B810B1600A2CBAD /* Info.plist */,
			);
			name = "Supporting Files";
			sourceTree = "<group>";
		};
		F7C78EC21B810B1700A2CBAD /* PrototypingAnimationTests */ = {
			isa = PBXGroup;
			children = (
				F7C78EC51B810B1700A2CBAD /* PrototypingAnimationTests.swift */,
				F7C78EC31B810B1700A2CBAD /* Supporting Files */,
			);
			path = PrototypingAnimationTests;
			sourceTree = "<group>";
		};
		F7C78EC31B810B1700A2CBAD /* Supporting Files */ = {
			isa = PBXGroup;
			children = (
				F7C78EC41B810B1700A2CBAD /* Info.plist */,
			);
			name = "Supporting Files";
			sourceTree = "<group>";
		};
/* End PBXGroup section */

/* Begin PBXNativeTarget section */
		F7C78EA71B810B1600A2CBAD /* PrototypingAnimation */ = {
			isa = PBXNativeTarget;
			buildConfigurationList = F7C78EC91B810B1700A2CBAD /* Build configuration list for PBXNativeTarget "PrototypingAnimation" */;
			buildPhases = (
				F7C78EA41B810B1600A2CBAD /* Sources */,
				F7C78EA51B810B1600A2CBAD /* Frameworks */,
				F7C78EA61B810B1600A2CBAD /* Resources */,
			);
			buildRules = (
			);
			dependencies = (
			);
			name = PrototypingAnimation;
			productName = PrototypingAnimation;
			productReference = F7C78EA81B810B1600A2CBAD /* PrototypingAnimation.app */;
			productType = "com.apple.product-type.application";
		};
		F7C78EBE1B810B1700A2CBAD /* PrototypingAnimationTests */ = {
			isa = PBXNativeTarget;
			buildConfigurationList = F7C78ECC1B810B1700A2CBAD /* Build configuration list for PBXNativeTarget "PrototypingAnimationTests" */;
			buildPhases = (
				F7C78EBB1B810B1700A2CBAD /* Sources */,
				F7C78EBC1B810B1700A2CBAD /* Frameworks */,
				F7C78EBD1B810B1700A2CBAD /* Resources */,
			);
			buildRules = (
			);
			dependencies = (
				F7C78EC11B810B1700A2CBAD /* PBXTargetDependency */,
			);
			name = PrototypingAnimationTests;
			productName = PrototypingAnimationTests;
			productReference = F7C78EBF1B810B1700A2CBAD /* PrototypingAnimationTests.xctest */;
			productType = "com.apple.product-type.bundle.unit-test";
		};
/* End PBXNativeTarget section */

/* Begin PBXProject section */
		F7C78EA01B810B1600A2CBAD /* Project object */ = {
			isa = PBXProject;
			attributes = {
				LastUpgradeCheck = 0640;
				ORGANIZATIONNAME = ndrzhr;
				TargetAttributes = {
					F7C78EA71B810B1600A2CBAD = {
						CreatedOnToolsVersion = 6.4;
					};
					F7C78EBE1B810B1700A2CBAD = {
						CreatedOnToolsVersion = 6.4;
						TestTargetID = F7C78EA71B810B1600A2CBAD;
					};
				};
			};
			buildConfigurationList = F7C78EA31B810B1600A2CBAD /* Build configuration list for PBXProject "PrototypingAnimation" */;
			compatibilityVersion = "Xcode 3.2";
			developmentRegion = English;
			hasScannedForEncodings = 0;
			knownRegions = (
				en,
				Base,
			);
			mainGroup = F7C78E9F1B810B1600A2CBAD;
			productRefGroup = F7C78EA91B810B1600A2CBAD /* Products */;
			projectDirPath = "";
			projectRoot = "";
			targets = (
				F7C78EA71B810B1600A2CBAD /* PrototypingAnimation */,
				F7C78EBE1B810B1700A2CBAD /* PrototypingAnimationTests */,
			);
		};
/* End PBXProject section */

/* Begin PBXResourcesBuildPhase section */
		F7C78EA61B810B1600A2CBAD /* Resources */ = {
			isa = PBXResourcesBuildPhase;
			buildActionMask = 2147483647;
			files = (
				F7C78EB51B810B1600A2CBAD /* Main.storyboard in Resources */,
				F7C78EBA1B810B1600A2CBAD /* LaunchScreen.xib in Resources */,
				F7C78EB71B810B1600A2CBAD /* Images.xcassets in Resources */,
			);
			runOnlyForDeploymentPostprocessing = 0;
		};
		F7C78EBD1B810B1700A2CBAD /* Resources */ = {
			isa = PBXResourcesBuildPhase;
			buildActionMask = 2147483647;
			files = (
			);
			runOnlyForDeploymentPostprocessing = 0;
		};
/* End PBXResourcesBuildPhase section */

/* Begin PBXSourcesBuildPhase section */
		F7C78EA41B810B1600A2CBAD /* Sources */ = {
			isa = PBXSourcesBuildPhase;
			buildActionMask = 2147483647;
			files = (
				F7C78EB21B810B1600A2CBAD /* SecondViewController.swift in Sources */,
				F7C78EAE1B810B1600A2CBAD /* AppDelegate.swift in Sources */,
				F7C78EB01B810B1600A2CBAD /* FirstViewController.swift in Sources */,
			);
			runOnlyForDeploymentPostprocessing = 0;
		};
		F7C78EBB1B810B1700A2CBAD /* Sources */ = {
			isa = PBXSourcesBuildPhase;
			buildActionMask = 2147483647;
			files = (
				F7C78EC61B810B1700A2CBAD /* PrototypingAnimationTests.swift in Sources */,
			);
			runOnlyForDeploymentPostprocessing = 0;
		};
/* End PBXSourcesBuildPhase section */

/* Begin PBXTargetDependency section */
		F7C78EC11B810B1700A2CBAD /* PBXTargetDependency */ = {
			isa = PBXTargetDependency;
			target = F7C78EA71B810B1600A2CBAD /* PrototypingAnimation */;
			targetProxy = F7C78EC01B810B1700A2CBAD /* PBXContainerItemProxy */;
		};
/* End PBXTargetDependency section */

/* Begin PBXVariantGroup section */
		F7C78EB31B810B1600A2CBAD /* Main.storyboard */ = {
			isa = PBXVariantGroup;
			children = (
				F7C78EB41B810B1600A2CBAD /* Base */,
			);
			name = Main.storyboard;
			sourceTree = "<group>";
		};
		F7C78EB81B810B1600A2CBAD /* LaunchScreen.xib */ = {
			isa = PBXVariantGroup;
			children = (
				F7C78EB91B810B1600A2CBAD /* Base */,
			);
			name = LaunchScreen.xib;
			sourceTree = "<group>";
		};
/* End PBXVariantGroup section */

/* Begin XCBuildConfiguration section */
		F7C78EC71B810B1700A2CBAD /* Debug */ = {
			isa = XCBuildConfiguration;
			buildSettings = {
				ALWAYS_SEARCH_USER_PATHS = NO;
				CLANG_CXX_LANGUAGE_STANDARD = "gnu++0x";
				CLANG_CXX_LIBRARY = "libc++";
				CLANG_ENABLE_MODULES = YES;
				CLANG_ENABLE_OBJC_ARC = YES;
				CLANG_WARN_BOOL_CONVERSION = YES;
				CLANG_WARN_CONSTANT_CONVERSION = YES;
				CLANG_WARN_DIRECT_OBJC_ISA_USAGE = YES_ERROR;
				CLANG_WARN_EMPTY_BODY = YES;
				CLANG_WARN_ENUM_CONVERSION = YES;
				CLANG_WARN_INT_CONVERSION = YES;
				CLANG_WARN_OBJC_ROOT_CLASS = YES_ERROR;
				CLANG_WARN_UNREACHABLE_CODE = YES;
				CLANG_WARN__DUPLICATE_METHOD_MATCH = YES;
				"CODE_SIGN_IDENTITY[sdk=iphoneos*]" = "iPhone Developer";
				COPY_PHASE_STRIP = NO;
				DEBUG_INFORMATION_FORMAT = "dwarf-with-dsym";
				ENABLE_STRICT_OBJC_MSGSEND = YES;
				GCC_C_LANGUAGE_STANDARD = gnu99;
				GCC_DYNAMIC_NO_PIC = NO;
				GCC_NO_COMMON_BLOCKS = YES;
				GCC_OPTIMIZATION_LEVEL = 0;
				GCC_PREPROCESSOR_DEFINITIONS = (
					"DEBUG=1",
					"$(inherited)",
				);
				GCC_SYMBOLS_PRIVATE_EXTERN = NO;
				GCC_WARN_64_TO_32_BIT_CONVERSION = YES;
				GCC_WARN_ABOUT_RETURN_TYPE = YES_ERROR;
				GCC_WARN_UNDECLARED_SELECTOR = YES;
				GCC_WARN_UNINITIALIZED_AUTOS = YES_AGGRESSIVE;
				GCC_WARN_UNUSED_FUNCTION = YES;
				GCC_WARN_UNUSED_VARIABLE = YES;
				IPHONEOS_DEPLOYMENT_TARGET = 8.4;
				MTL_ENABLE_DEBUG_INFO = YES;
				ONLY_ACTIVE_ARCH = YES;
				SDKROOT = iphoneos;
				SWIFT_OPTIMIZATION_LEVEL = "-Onone";
			};
			name = Debug;
		};
		F7C78EC81B810B1700A2CBAD /* Release */ = {
			isa = XCBuildConfiguration;
			buildSettings = {
				ALWAYS_SEARCH_USER_PATHS = NO;
				CLANG_CXX_LANGUAGE_STANDARD = "gnu++0x";
				CLANG_CXX_LIBRARY = "libc++";
				CLANG_ENABLE_MODULES = YES;
				CLANG_ENABLE_OBJC_ARC = YES;
				CLANG_WARN_BOOL_CONVERSION = YES;
				CLANG_WARN_CONSTANT_CONVERSION = YES;
				CLANG_WARN_DIRECT_OBJC_ISA_USAGE = YES_ERROR;
				CLANG_WARN_EMPTY_BODY = YES;
				CLANG_WARN_ENUM_CONVERSION = YES;
				CLANG_WARN_INT_CONVERSION = YES;
				CLANG_WARN_OBJC_ROOT_CLASS = YES_ERROR;
				CLANG_WARN_UNREACHABLE_CODE = YES;
				CLANG_WARN__DUPLICATE_METHOD_MATCH = YES;
				"CODE_SIGN_IDENTITY[sdk=iphoneos*]" = "iPhone Developer";
				COPY_PHASE_STRIP = NO;
				DEBUG_INFORMATION_FORMAT = "dwarf-with-dsym";
				ENABLE_NS_ASSERTIONS = NO;
				ENABLE_STRICT_OBJC_MSGSEND = YES;
				GCC_C_LANGUAGE_STANDARD = gnu99;
				GCC_NO_COMMON_BLOCKS = YES;
				GCC_WARN_64_TO_32_BIT_CONVERSION = YES;
				GCC_WARN_ABOUT_RETURN_TYPE = YES_ERROR;
				GCC_WARN_UNDECLARED_SELECTOR = YES;
				GCC_WARN_UNINITIALIZED_AUTOS = YES_AGGRESSIVE;
				GCC_WARN_UNUSED_FUNCTION = YES;
				GCC_WARN_UNUSED_VARIABLE = YES;
				IPHONEOS_DEPLOYMENT_TARGET = 8.4;
				MTL_ENABLE_DEBUG_INFO = NO;
				SDKROOT = iphoneos;
				VALIDATE_PRODUCT = YES;
			};
			name = Release;
		};
		F7C78ECA1B810B1700A2CBAD /* Debug */ = {
			isa = XCBuildConfiguration;
			buildSettings = {
				ASSETCATALOG_COMPILER_APPICON_NAME = AppIcon;
				INFOPLIST_FILE = PrototypingAnimation/Info.plist;
				LD_RUNPATH_SEARCH_PATHS = "$(inherited) @executable_path/Frameworks";
				PRODUCT_NAME = "$(TARGET_NAME)";
			};
			name = Debug;
		};
		F7C78ECB1B810B1700A2CBAD /* Release */ = {
			isa = XCBuildConfiguration;
			buildSettings = {
				ASSETCATALOG_COMPILER_APPICON_NAME = AppIcon;
				INFOPLIST_FILE = PrototypingAnimation/Info.plist;
				LD_RUNPATH_SEARCH_PATHS = "$(inherited) @executable_path/Frameworks";
				PRODUCT_NAME = "$(TARGET_NAME)";
			};
			name = Release;
		};
		F7C78ECD1B810B1700A2CBAD /* Debug */ = {
			isa = XCBuildConfiguration;
			buildSettings = {
				BUNDLE_LOADER = "$(TEST_HOST)";
				FRAMEWORK_SEARCH_PATHS = (
					"$(SDKROOT)/Developer/Library/Frameworks",
					"$(inherited)",
				);
				GCC_PREPROCESSOR_DEFINITIONS = (
					"DEBUG=1",
					"$(inherited)",
				);
				INFOPLIST_FILE = PrototypingAnimationTests/Info.plist;
				LD_RUNPATH_SEARCH_PATHS = "$(inherited) @executable_path/Frameworks @loader_path/Frameworks";
				PRODUCT_NAME = "$(TARGET_NAME)";
				TEST_HOST = "$(BUILT_PRODUCTS_DIR)/PrototypingAnimation.app/PrototypingAnimation";
			};
			name = Debug;
		};
		F7C78ECE1B810B1700A2CBAD /* Release */ = {
			isa = XCBuildConfiguration;
			buildSettings = {
				BUNDLE_LOADER = "$(TEST_HOST)";
				FRAMEWORK_SEARCH_PATHS = (
					"$(SDKROOT)/Developer/Library/Frameworks",
					"$(inherited)",
				);
				INFOPLIST_FILE = PrototypingAnimationTests/Info.plist;
				LD_RUNPATH_SEARCH_PATHS = "$(inherited) @executable_path/Frameworks @loader_path/Frameworks";
				PRODUCT_NAME = "$(TARGET_NAME)";
				TEST_HOST = "$(BUILT_PRODUCTS_DIR)/PrototypingAnimation.app/PrototypingAnimation";
			};
			name = Release;
		};
/* End XCBuildConfiguration section */

/* Begin XCConfigurationList section */
		F7C78EA31B810B1600A2CBAD /* Build configuration list for PBXProject "PrototypingAnimation" */ = {
			isa = XCConfigurationList;
			buildConfigurations = (
				F7C78EC71B810B1700A2CBAD /* Debug */,
				F7C78EC81B810B1700A2CBAD /* Release */,
			);
			defaultConfigurationIsVisible = 0;
			defaultConfigurationName = Release;
		};
		F7C78EC91B810B1700A2CBAD /* Build configuration list for PBXNativeTarget "PrototypingAnimation" */ = {
			isa = XCConfigurationList;
			buildConfigurations = (
				F7C78ECA1B810B1700A2CBAD /* Debug */,
				F7C78ECB1B810B1700A2CBAD /* Release */,
			);
			defaultConfigurationIsVisible = 0;
		};
		F7C78ECC1B810B1700A2CBAD /* Build configuration list for PBXNativeTarget "PrototypingAnimationTests" */ = {
			isa = XCConfigurationList;
			buildConfigurations = (
				F7C78ECD1B810B1700A2CBAD /* Debug */,
				F7C78ECE1B810B1700A2CBAD /* Release */,
			);
			defaultConfigurationIsVisible = 0;
		};
/* End XCConfigurationList section */
	};
	rootObject = F7C78EA01B810B1600A2CBAD /* Project object */;
}
