// !$*UTF8*$!
{
	archiveVersion = 1;
	classes = {
	};
	objectVersion = 46;
	objects = {

/* Begin PBXBuildFile section */
		F7A7D4461B95C7CA000EF6A7 /* AppDelegate.swift in Sources */ = {isa = PBXBuildFile; fileRef = F7A7D4451B95C7CA000EF6A7 /* AppDelegate.swift */; };
		F7A7D4481B95C7CA000EF6A7 /* ViewController.swift in Sources */ = {isa = PBXBuildFile; fileRef = F7A7D4471B95C7CA000EF6A7 /* ViewController.swift */; };
		F7A7D44B1B95C7CA000EF6A7 /* Main.storyboard in Resources */ = {isa = PBXBuildFile; fileRef = F7A7D4491B95C7CA000EF6A7 /* Main.storyboard */; };
		F7A7D44D1B95C7CA000EF6A7 /* Images.xcassets in Resources */ = {isa = PBXBuildFile; fileRef = F7A7D44C1B95C7CA000EF6A7 /* Images.xcassets */; };
		F7A7D4501B95C7CA000EF6A7 /* LaunchScreen.xib in Resources */ = {isa = PBXBuildFile; fileRef = F7A7D44E1B95C7CA000EF6A7 /* LaunchScreen.xib */; };
		F7A7D45C1B95C7CA000EF6A7 /* NewCollectionViewTests.swift in Sources */ = {isa = PBXBuildFile; fileRef = F7A7D45B1B95C7CA000EF6A7 /* NewCollectionViewTests.swift */; };
		F7A7D4661B95C997000EF6A7 /* CollectionViewCell.swift in Sources */ = {isa = PBXBuildFile; fileRef = F7A7D4651B95C997000EF6A7 /* CollectionViewCell.swift */; };
		F7A7D4681B95C9F4000EF6A7 /* NewViewController.swift in Sources */ = {isa = PBXBuildFile; fileRef = F7A7D4671B95C9F4000EF6A7 /* NewViewController.swift */; };
/* End PBXBuildFile section */

/* Begin PBXContainerItemProxy section */
		F7A7D4561B95C7CA000EF6A7 /* PBXContainerItemProxy */ = {
			isa = PBXContainerItemProxy;
			containerPortal = F7A7D4381B95C7C9000EF6A7 /* Project object */;
			proxyType = 1;
			remoteGlobalIDString = F7A7D43F1B95C7C9000EF6A7;
			remoteInfo = NewCollectionView;
		};
/* End PBXContainerItemProxy section */

/* Begin PBXFileReference section */
		F7A7D4401B95C7CA000EF6A7 /* NewCollectionView.app */ = {isa = PBXFileReference; explicitFileType = wrapper.application; includeInIndex = 0; path = NewCollectionView.app; sourceTree = BUILT_PRODUCTS_DIR; };
		F7A7D4441B95C7CA000EF6A7 /* Info.plist */ = {isa = PBXFileReference; lastKnownFileType = text.plist.xml; path = Info.plist; sourceTree = "<group>"; };
		F7A7D4451B95C7CA000EF6A7 /* AppDelegate.swift */ = {isa = PBXFileReference; lastKnownFileType = sourcecode.swift; path = AppDelegate.swift; sourceTree = "<group>"; };
		F7A7D4471B95C7CA000EF6A7 /* ViewController.swift */ = {isa = PBXFileReference; lastKnownFileType = sourcecode.swift; path = ViewController.swift; sourceTree = "<group>"; };
		F7A7D44A1B95C7CA000EF6A7 /* Base */ = {isa = PBXFileReference; lastKnownFileType = file.storyboard; name = Base; path = Base.lproj/Main.storyboard; sourceTree = "<group>"; };
		F7A7D44C1B95C7CA000EF6A7 /* Images.xcassets */ = {isa = PBXFileReference; lastKnownFileType = folder.assetcatalog; path = Images.xcassets; sourceTree = "<group>"; };
		F7A7D44F1B95C7CA000EF6A7 /* Base */ = {isa = PBXFileReference; lastKnownFileType = file.xib; name = Base; path = Base.lproj/LaunchScreen.xib; sourceTree = "<group>"; };
		F7A7D4551B95C7CA000EF6A7 /* NewCollectionViewTests.xctest */ = {isa = PBXFileReference; explicitFileType = wrapper.cfbundle; includeInIndex = 0; path = NewCollectionViewTests.xctest; sourceTree = BUILT_PRODUCTS_DIR; };
		F7A7D45A1B95C7CA000EF6A7 /* Info.plist */ = {isa = PBXFileReference; lastKnownFileType = text.plist.xml; path = Info.plist; sourceTree = "<group>"; };
		F7A7D45B1B95C7CA000EF6A7 /* NewCollectionViewTests.swift */ = {isa = PBXFileReference; lastKnownFileType = sourcecode.swift; path = NewCollectionViewTests.swift; sourceTree = "<group>"; };
		F7A7D4651B95C997000EF6A7 /* CollectionViewCell.swift */ = {isa = PBXFileReference; fileEncoding = 4; lastKnownFileType = sourcecode.swift; path = CollectionViewCell.swift; sourceTree = "<group>"; };
		F7A7D4671B95C9F4000EF6A7 /* NewViewController.swift */ = {isa = PBXFileReference; fileEncoding = 4; lastKnownFileType = sourcecode.swift; path = NewViewController.swift; sourceTree = "<group>"; };
/* End PBXFileReference section */

/* Begin PBXFrameworksBuildPhase section */
		F7A7D43D1B95C7C9000EF6A7 /* Frameworks */ = {
			isa = PBXFrameworksBuildPhase;
			buildActionMask = 2147483647;
			files = (
			);
			runOnlyForDeploymentPostprocessing = 0;
		};
		F7A7D4521B95C7CA000EF6A7 /* Frameworks */ = {
			isa = PBXFrameworksBuildPhase;
			buildActionMask = 2147483647;
			files = (
			);
			runOnlyForDeploymentPostprocessing = 0;
		};
/* End PBXFrameworksBuildPhase section */

/* Begin PBXGroup section */
		F7A7D4371B95C7C9000EF6A7 = {
			isa = PBXGroup;
			children = (
				F7A7D4421B95C7CA000EF6A7 /* NewCollectionView */,
				F7A7D4581B95C7CA000EF6A7 /* NewCollectionViewTests */,
				F7A7D4411B95C7CA000EF6A7 /* Products */,
			);
			sourceTree = "<group>";
		};
		F7A7D4411B95C7CA000EF6A7 /* Products */ = {
			isa = PBXGroup;
			children = (
				F7A7D4401B95C7CA000EF6A7 /* NewCollectionView.app */,
				F7A7D4551B95C7CA000EF6A7 /* NewCollectionViewTests.xctest */,
			);
			name = Products;
			sourceTree = "<group>";
		};
		F7A7D4421B95C7CA000EF6A7 /* NewCollectionView */ = {
			isa = PBXGroup;
			children = (
				F7A7D4451B95C7CA000EF6A7 /* AppDelegate.swift */,
				F7A7D4471B95C7CA000EF6A7 /* ViewController.swift */,
				F7A7D4671B95C9F4000EF6A7 /* NewViewController.swift */,
				F7A7D4651B95C997000EF6A7 /* CollectionViewCell.swift */,
				F7A7D4491B95C7CA000EF6A7 /* Main.storyboard */,
				F7A7D44C1B95C7CA000EF6A7 /* Images.xcassets */,
				F7A7D44E1B95C7CA000EF6A7 /* LaunchScreen.xib */,
				F7A7D4431B95C7CA000EF6A7 /* Supporting Files */,
			);
			path = NewCollectionView;
			sourceTree = "<group>";
		};
		F7A7D4431B95C7CA000EF6A7 /* Supporting Files */ = {
			isa = PBXGroup;
			children = (
				F7A7D4441B95C7CA000EF6A7 /* Info.plist */,
			);
			name = "Supporting Files";
			sourceTree = "<group>";
		};
		F7A7D4581B95C7CA000EF6A7 /* NewCollectionViewTests */ = {
			isa = PBXGroup;
			children = (
				F7A7D45B1B95C7CA000EF6A7 /* NewCollectionViewTests.swift */,
				F7A7D4591B95C7CA000EF6A7 /* Supporting Files */,
			);
			path = NewCollectionViewTests;
			sourceTree = "<group>";
		};
		F7A7D4591B95C7CA000EF6A7 /* Supporting Files */ = {
			isa = PBXGroup;
			children = (
				F7A7D45A1B95C7CA000EF6A7 /* Info.plist */,
			);
			name = "Supporting Files";
			sourceTree = "<group>";
		};
/* End PBXGroup section */

/* Begin PBXNativeTarget section */
		F7A7D43F1B95C7C9000EF6A7 /* NewCollectionView */ = {
			isa = PBXNativeTarget;
			buildConfigurationList = F7A7D45F1B95C7CA000EF6A7 /* Build configuration list for PBXNativeTarget "NewCollectionView" */;
			buildPhases = (
				F7A7D43C1B95C7C9000EF6A7 /* Sources */,
				F7A7D43D1B95C7C9000EF6A7 /* Frameworks */,
				F7A7D43E1B95C7C9000EF6A7 /* Resources */,
			);
			buildRules = (
			);
			dependencies = (
			);
			name = NewCollectionView;
			productName = NewCollectionView;
			productReference = F7A7D4401B95C7CA000EF6A7 /* NewCollectionView.app */;
			productType = "com.apple.product-type.application";
		};
		F7A7D4541B95C7CA000EF6A7 /* NewCollectionViewTests */ = {
			isa = PBXNativeTarget;
			buildConfigurationList = F7A7D4621B95C7CA000EF6A7 /* Build configuration list for PBXNativeTarget "NewCollectionViewTests" */;
			buildPhases = (
				F7A7D4511B95C7CA000EF6A7 /* Sources */,
				F7A7D4521B95C7CA000EF6A7 /* Frameworks */,
				F7A7D4531B95C7CA000EF6A7 /* Resources */,
			);
			buildRules = (
			);
			dependencies = (
				F7A7D4571B95C7CA000EF6A7 /* PBXTargetDependency */,
			);
			name = NewCollectionViewTests;
			productName = NewCollectionViewTests;
			productReference = F7A7D4551B95C7CA000EF6A7 /* NewCollectionViewTests.xctest */;
			productType = "com.apple.product-type.bundle.unit-test";
		};
/* End PBXNativeTarget section */

/* Begin PBXProject section */
		F7A7D4381B95C7C9000EF6A7 /* Project object */ = {
			isa = PBXProject;
			attributes = {
				LastSwiftUpdateCheck = 0700;
				LastUpgradeCheck = 0700;
				ORGANIZATIONNAME = ndrzhr;
				TargetAttributes = {
					F7A7D43F1B95C7C9000EF6A7 = {
						CreatedOnToolsVersion = 6.4;
					};
					F7A7D4541B95C7CA000EF6A7 = {
						CreatedOnToolsVersion = 6.4;
						TestTargetID = F7A7D43F1B95C7C9000EF6A7;
					};
				};
			};
			buildConfigurationList = F7A7D43B1B95C7C9000EF6A7 /* Build configuration list for PBXProject "NewCollectionView" */;
			compatibilityVersion = "Xcode 3.2";
			developmentRegion = English;
			hasScannedForEncodings = 0;
			knownRegions = (
				en,
				Base,
			);
			mainGroup = F7A7D4371B95C7C9000EF6A7;
			productRefGroup = F7A7D4411B95C7CA000EF6A7 /* Products */;
			projectDirPath = "";
			projectRoot = "";
			targets = (
				F7A7D43F1B95C7C9000EF6A7 /* NewCollectionView */,
				F7A7D4541B95C7CA000EF6A7 /* NewCollectionViewTests */,
			);
		};
/* End PBXProject section */

/* Begin PBXResourcesBuildPhase section */
		F7A7D43E1B95C7C9000EF6A7 /* Resources */ = {
			isa = PBXResourcesBuildPhase;
			buildActionMask = 2147483647;
			files = (
				F7A7D44B1B95C7CA000EF6A7 /* Main.storyboard in Resources */,
				F7A7D4501B95C7CA000EF6A7 /* LaunchScreen.xib in Resources */,
				F7A7D44D1B95C7CA000EF6A7 /* Images.xcassets in Resources */,
			);
			runOnlyForDeploymentPostprocessing = 0;
		};
		F7A7D4531B95C7CA000EF6A7 /* Resources */ = {
			isa = PBXResourcesBuildPhase;
			buildActionMask = 2147483647;
			files = (
			);
			runOnlyForDeploymentPostprocessing = 0;
		};
/* End PBXResourcesBuildPhase section */

/* Begin PBXSourcesBuildPhase section */
		F7A7D43C1B95C7C9000EF6A7 /* Sources */ = {
			isa = PBXSourcesBuildPhase;
			buildActionMask = 2147483647;
			files = (
				F7A7D4481B95C7CA000EF6A7 /* ViewController.swift in Sources */,
				F7A7D4461B95C7CA000EF6A7 /* AppDelegate.swift in Sources */,
				F7A7D4661B95C997000EF6A7 /* CollectionViewCell.swift in Sources */,
				F7A7D4681B95C9F4000EF6A7 /* NewViewController.swift in Sources */,
			);
			runOnlyForDeploymentPostprocessing = 0;
		};
		F7A7D4511B95C7CA000EF6A7 /* Sources */ = {
			isa = PBXSourcesBuildPhase;
			buildActionMask = 2147483647;
			files = (
				F7A7D45C1B95C7CA000EF6A7 /* NewCollectionViewTests.swift in Sources */,
			);
			runOnlyForDeploymentPostprocessing = 0;
		};
/* End PBXSourcesBuildPhase section */

/* Begin PBXTargetDependency section */
		F7A7D4571B95C7CA000EF6A7 /* PBXTargetDependency */ = {
			isa = PBXTargetDependency;
			target = F7A7D43F1B95C7C9000EF6A7 /* NewCollectionView */;
			targetProxy = F7A7D4561B95C7CA000EF6A7 /* PBXContainerItemProxy */;
		};
/* End PBXTargetDependency section */

/* Begin PBXVariantGroup section */
		F7A7D4491B95C7CA000EF6A7 /* Main.storyboard */ = {
			isa = PBXVariantGroup;
			children = (
				F7A7D44A1B95C7CA000EF6A7 /* Base */,
			);
			name = Main.storyboard;
			sourceTree = "<group>";
		};
		F7A7D44E1B95C7CA000EF6A7 /* LaunchScreen.xib */ = {
			isa = PBXVariantGroup;
			children = (
				F7A7D44F1B95C7CA000EF6A7 /* Base */,
			);
			name = LaunchScreen.xib;
			sourceTree = "<group>";
		};
/* End PBXVariantGroup section */

/* Begin XCBuildConfiguration section */
		F7A7D45D1B95C7CA000EF6A7 /* Debug */ = {
			isa = XCBuildConfiguration;
			buildSettings = {
				ALWAYS_SEARCH_USER_PATHS = NO;
				CLANG_CXX_LANGUAGE_STANDARD = "gnu++0x";
				CLANG_CXX_LIBRARY = "libc++";
				CLANG_ENABLE_MODULES = YES;
				CLANG_ENABLE_OBJC_ARC = YES;
				CLANG_WARN_BOOL_CONVERSION = YES;
				CLANG_WARN_CONSTANT_CONVERSION = YES;
				CLANG_WARN_DIRECT_OBJC_ISA_USAGE = YES_ERROR;
				CLANG_WARN_EMPTY_BODY = YES;
				CLANG_WARN_ENUM_CONVERSION = YES;
				CLANG_WARN_INT_CONVERSION = YES;
				CLANG_WARN_OBJC_ROOT_CLASS = YES_ERROR;
				CLANG_WARN_UNREACHABLE_CODE = YES;
				CLANG_WARN__DUPLICATE_METHOD_MATCH = YES;
				"CODE_SIGN_IDENTITY[sdk=iphoneos*]" = "iPhone Developer";
				COPY_PHASE_STRIP = NO;
				DEBUG_INFORMATION_FORMAT = "dwarf-with-dsym";
				ENABLE_STRICT_OBJC_MSGSEND = YES;
				ENABLE_TESTABILITY = YES;
				GCC_C_LANGUAGE_STANDARD = gnu99;
				GCC_DYNAMIC_NO_PIC = NO;
				GCC_NO_COMMON_BLOCKS = YES;
				GCC_OPTIMIZATION_LEVEL = 0;
				GCC_PREPROCESSOR_DEFINITIONS = (
					"DEBUG=1",
					"$(inherited)",
				);
				GCC_SYMBOLS_PRIVATE_EXTERN = NO;
				GCC_WARN_64_TO_32_BIT_CONVERSION = YES;
				GCC_WARN_ABOUT_RETURN_TYPE = YES_ERROR;
				GCC_WARN_UNDECLARED_SELECTOR = YES;
				GCC_WARN_UNINITIALIZED_AUTOS = YES_AGGRESSIVE;
				GCC_WARN_UNUSED_FUNCTION = YES;
				GCC_WARN_UNUSED_VARIABLE = YES;
				IPHONEOS_DEPLOYMENT_TARGET = 8.4;
				MTL_ENABLE_DEBUG_INFO = YES;
				ONLY_ACTIVE_ARCH = YES;
				SDKROOT = iphoneos;
				SWIFT_OPTIMIZATION_LEVEL = "-Onone";
			};
			name = Debug;
		};
		F7A7D45E1B95C7CA000EF6A7 /* Release */ = {
			isa = XCBuildConfiguration;
			buildSettings = {
				ALWAYS_SEARCH_USER_PATHS = NO;
				CLANG_CXX_LANGUAGE_STANDARD = "gnu++0x";
				CLANG_CXX_LIBRARY = "libc++";
				CLANG_ENABLE_MODULES = YES;
				CLANG_ENABLE_OBJC_ARC = YES;
				CLANG_WARN_BOOL_CONVERSION = YES;
				CLANG_WARN_CONSTANT_CONVERSION = YES;
				CLANG_WARN_DIRECT_OBJC_ISA_USAGE = YES_ERROR;
				CLANG_WARN_EMPTY_BODY = YES;
				CLANG_WARN_ENUM_CONVERSION = YES;
				CLANG_WARN_INT_CONVERSION = YES;
				CLANG_WARN_OBJC_ROOT_CLASS = YES_ERROR;
				CLANG_WARN_UNREACHABLE_CODE = YES;
				CLANG_WARN__DUPLICATE_METHOD_MATCH = YES;
				"CODE_SIGN_IDENTITY[sdk=iphoneos*]" = "iPhone Developer";
				COPY_PHASE_STRIP = NO;
				DEBUG_INFORMATION_FORMAT = "dwarf-with-dsym";
				ENABLE_NS_ASSERTIONS = NO;
				ENABLE_STRICT_OBJC_MSGSEND = YES;
				GCC_C_LANGUAGE_STANDARD = gnu99;
				GCC_NO_COMMON_BLOCKS = YES;
				GCC_WARN_64_TO_32_BIT_CONVERSION = YES;
				GCC_WARN_ABOUT_RETURN_TYPE = YES_ERROR;
				GCC_WARN_UNDECLARED_SELECTOR = YES;
				GCC_WARN_UNINITIALIZED_AUTOS = YES_AGGRESSIVE;
				GCC_WARN_UNUSED_FUNCTION = YES;
				GCC_WARN_UNUSED_VARIABLE = YES;
				IPHONEOS_DEPLOYMENT_TARGET = 8.4;
				MTL_ENABLE_DEBUG_INFO = NO;
				SDKROOT = iphoneos;
				VALIDATE_PRODUCT = YES;
			};
			name = Release;
		};
		F7A7D4601B95C7CA000EF6A7 /* Debug */ = {
			isa = XCBuildConfiguration;
			buildSettings = {
				ASSETCATALOG_COMPILER_APPICON_NAME = AppIcon;
				INFOPLIST_FILE = NewCollectionView/Info.plist;
				LD_RUNPATH_SEARCH_PATHS = "$(inherited) @executable_path/Frameworks";
				PRODUCT_BUNDLE_IDENTIFIER = "ndrzhr.$(PRODUCT_NAME:rfc1034identifier)";
				PRODUCT_NAME = "$(TARGET_NAME)";
			};
			name = Debug;
		};
		F7A7D4611B95C7CA000EF6A7 /* Release */ = {
			isa = XCBuildConfiguration;
			buildSettings = {
				ASSETCATALOG_COMPILER_APPICON_NAME = AppIcon;
				INFOPLIST_FILE = NewCollectionView/Info.plist;
				LD_RUNPATH_SEARCH_PATHS = "$(inherited) @executable_path/Frameworks";
				PRODUCT_BUNDLE_IDENTIFIER = "ndrzhr.$(PRODUCT_NAME:rfc1034identifier)";
				PRODUCT_NAME = "$(TARGET_NAME)";
			};
			name = Release;
		};
		F7A7D4631B95C7CA000EF6A7 /* Debug */ = {
			isa = XCBuildConfiguration;
			buildSettings = {
				BUNDLE_LOADER = "$(TEST_HOST)";
				FRAMEWORK_SEARCH_PATHS = (
					"$(SDKROOT)/Developer/Library/Frameworks",
					"$(inherited)",
				);
				GCC_PREPROCESSOR_DEFINITIONS = (
					"DEBUG=1",
					"$(inherited)",
				);
				INFOPLIST_FILE = NewCollectionViewTests/Info.plist;
				LD_RUNPATH_SEARCH_PATHS = "$(inherited) @executable_path/Frameworks @loader_path/Frameworks";
				PRODUCT_BUNDLE_IDENTIFIER = "ndrzhr.$(PRODUCT_NAME:rfc1034identifier)";
				PRODUCT_NAME = "$(TARGET_NAME)";
				TEST_HOST = "$(BUILT_PRODUCTS_DIR)/NewCollectionView.app/NewCollectionView";
			};
			name = Debug;
		};
		F7A7D4641B95C7CA000EF6A7 /* Release */ = {
			isa = XCBuildConfiguration;
			buildSettings = {
				BUNDLE_LOADER = "$(TEST_HOST)";
				FRAMEWORK_SEARCH_PATHS = (
					"$(SDKROOT)/Developer/Library/Frameworks",
					"$(inherited)",
				);
				INFOPLIST_FILE = NewCollectionViewTests/Info.plist;
				LD_RUNPATH_SEARCH_PATHS = "$(inherited) @executable_path/Frameworks @loader_path/Frameworks";
				PRODUCT_BUNDLE_IDENTIFIER = "ndrzhr.$(PRODUCT_NAME:rfc1034identifier)";
				PRODUCT_NAME = "$(TARGET_NAME)";
				TEST_HOST = "$(BUILT_PRODUCTS_DIR)/NewCollectionView.app/NewCollectionView";
			};
			name = Release;
		};
/* End XCBuildConfiguration section */

/* Begin XCConfigurationList section */
		F7A7D43B1B95C7C9000EF6A7 /* Build configuration list for PBXProject "NewCollectionView" */ = {
			isa = XCConfigurationList;
			buildConfigurations = (
				F7A7D45D1B95C7CA000EF6A7 /* Debug */,
				F7A7D45E1B95C7CA000EF6A7 /* Release */,
			);
			defaultConfigurationIsVisible = 0;
			defaultConfigurationName = Release;
		};
		F7A7D45F1B95C7CA000EF6A7 /* Build configuration list for PBXNativeTarget "NewCollectionView" */ = {
			isa = XCConfigurationList;
			buildConfigurations = (
				F7A7D4601B95C7CA000EF6A7 /* Debug */,
				F7A7D4611B95C7CA000EF6A7 /* Release */,
			);
			defaultConfigurationIsVisible = 0;
			defaultConfigurationName = Release;
		};
		F7A7D4621B95C7CA000EF6A7 /* Build configuration list for PBXNativeTarget "NewCollectionViewTests" */ = {
			isa = XCConfigurationList;
			buildConfigurations = (
				F7A7D4631B95C7CA000EF6A7 /* Debug */,
				F7A7D4641B95C7CA000EF6A7 /* Release */,
			);
			defaultConfigurationIsVisible = 0;
			defaultConfigurationName = Release;
		};
/* End XCConfigurationList section */
	};
	rootObject = F7A7D4381B95C7C9000EF6A7 /* Project object */;
}
