// !$*UTF8*$!
{
	archiveVersion = 1;
	classes = {
	};
	objectVersion = 46;
	objects = {

/* Begin PBXBuildFile section */
		F70B4A811B6F6F4C00ACBC14 /* AppDelegate.swift in Sources */ = {isa = PBXBuildFile; fileRef = F70B4A801B6F6F4C00ACBC14 /* AppDelegate.swift */; };
		F70B4A861B6F6F4C00ACBC14 /* Main.storyboard in Resources */ = {isa = PBXBuildFile; fileRef = F70B4A841B6F6F4C00ACBC14 /* Main.storyboard */; };
		F70B4A881B6F6F4C00ACBC14 /* Images.xcassets in Resources */ = {isa = PBXBuildFile; fileRef = F70B4A871B6F6F4C00ACBC14 /* Images.xcassets */; };
		F70B4A8B1B6F6F4C00ACBC14 /* LaunchScreen.xib in Resources */ = {isa = PBXBuildFile; fileRef = F70B4A891B6F6F4C00ACBC14 /* LaunchScreen.xib */; };
		F70B4A971B6F6F4C00ACBC14 /* AccessingPictureAlbumTests.swift in Sources */ = {isa = PBXBuildFile; fileRef = F70B4A961B6F6F4C00ACBC14 /* AccessingPictureAlbumTests.swift */; };
		F70B4AA11B6F7D0100ACBC14 /* btnCamPic.png in Resources */ = {isa = PBXBuildFile; fileRef = F70B4AA01B6F7D0100ACBC14 /* btnCamPic.png */; };
		F70B4AA91B6F81DD00ACBC14 /* Bolts.framework in Frameworks */ = {isa = PBXBuildFile; fileRef = F70B4AA31B6F81DD00ACBC14 /* Bolts.framework */; };
		F70B4AAA1B6F81DD00ACBC14 /* Parse.framework in Frameworks */ = {isa = PBXBuildFile; fileRef = F70B4AA41B6F81DD00ACBC14 /* Parse.framework */; };
		F70B4AAB1B6F81DD00ACBC14 /* ParseCrashReporting.framework in Frameworks */ = {isa = PBXBuildFile; fileRef = F70B4AA51B6F81DD00ACBC14 /* ParseCrashReporting.framework */; };
		F70B4AAC1B6F81DD00ACBC14 /* ParseFacebookUtils.framework in Frameworks */ = {isa = PBXBuildFile; fileRef = F70B4AA61B6F81DD00ACBC14 /* ParseFacebookUtils.framework */; };
		F70B4AAD1B6F81DD00ACBC14 /* ParseFacebookUtilsV4.framework in Frameworks */ = {isa = PBXBuildFile; fileRef = F70B4AA71B6F81DD00ACBC14 /* ParseFacebookUtilsV4.framework */; };
		F70B4AAE1B6F81DD00ACBC14 /* ParseUI.framework in Frameworks */ = {isa = PBXBuildFile; fileRef = F70B4AA81B6F81DD00ACBC14 /* ParseUI.framework */; };
		F70B4AB01B6F828500ACBC14 /* AudioToolbox.framework in Frameworks */ = {isa = PBXBuildFile; fileRef = F70B4AAF1B6F828500ACBC14 /* AudioToolbox.framework */; };
		F70B4AB21B6F828D00ACBC14 /* CFNetwork.framework in Frameworks */ = {isa = PBXBuildFile; fileRef = F70B4AB11B6F828D00ACBC14 /* CFNetwork.framework */; };
		F70B4AB41B6F829A00ACBC14 /* CoreGraphics.framework in Frameworks */ = {isa = PBXBuildFile; fileRef = F70B4AB31B6F829A00ACBC14 /* CoreGraphics.framework */; };
		F70B4AB61B6F82A500ACBC14 /* CoreLocation.framework in Frameworks */ = {isa = PBXBuildFile; fileRef = F70B4AB51B6F82A500ACBC14 /* CoreLocation.framework */; };
		F70B4AB81B6F82B000ACBC14 /* QuartzCore.framework in Frameworks */ = {isa = PBXBuildFile; fileRef = F70B4AB71B6F82B000ACBC14 /* QuartzCore.framework */; };
		F70B4ABA1B6F82BC00ACBC14 /* Security.framework in Frameworks */ = {isa = PBXBuildFile; fileRef = F70B4AB91B6F82BC00ACBC14 /* Security.framework */; };
		F70B4ABC1B6F82CC00ACBC14 /* StoreKit.framework in Frameworks */ = {isa = PBXBuildFile; fileRef = F70B4ABB1B6F82CC00ACBC14 /* StoreKit.framework */; };
		F70B4ABE1B6F82DD00ACBC14 /* SystemConfiguration.framework in Frameworks */ = {isa = PBXBuildFile; fileRef = F70B4ABD1B6F82DD00ACBC14 /* SystemConfiguration.framework */; };
		F70B4AC01B6F82EB00ACBC14 /* libz.dylib in Frameworks */ = {isa = PBXBuildFile; fileRef = F70B4ABF1B6F82EB00ACBC14 /* libz.dylib */; };
		F70B4AC21B6F82FC00ACBC14 /* libsqlite3.dylib in Frameworks */ = {isa = PBXBuildFile; fileRef = F70B4AC11B6F82FC00ACBC14 /* libsqlite3.dylib */; };
		F70B4AC41B6F965600ACBC14 /* photoAlbumIcon.png in Resources */ = {isa = PBXBuildFile; fileRef = F70B4AC31B6F965600ACBC14 /* photoAlbumIcon.png */; };
		F70B4AC61B6FFBFD00ACBC14 /* monsters-02.png in Resources */ = {isa = PBXBuildFile; fileRef = F70B4AC51B6FFBFD00ACBC14 /* monsters-02.png */; };
		F70B4AC81B70002600ACBC14 /* BlaBlaView.swift in Sources */ = {isa = PBXBuildFile; fileRef = F70B4AC71B70002600ACBC14 /* BlaBlaView.swift */; };
		F78AF34C1B70D3DC007686C3 /* FeedCollectionViewController.swift in Sources */ = {isa = PBXBuildFile; fileRef = F78AF34B1B70D3DC007686C3 /* FeedCollectionViewController.swift */; };
		F78AF34E1B70DB84007686C3 /* ViewController.swift in Sources */ = {isa = PBXBuildFile; fileRef = F78AF34D1B70DB84007686C3 /* ViewController.swift */; };
/* End PBXBuildFile section */

/* Begin PBXContainerItemProxy section */
		F70B4A911B6F6F4C00ACBC14 /* PBXContainerItemProxy */ = {
			isa = PBXContainerItemProxy;
			containerPortal = F70B4A731B6F6F4C00ACBC14 /* Project object */;
			proxyType = 1;
			remoteGlobalIDString = F70B4A7A1B6F6F4C00ACBC14;
			remoteInfo = AccessingPictureAlbum;
		};
/* End PBXContainerItemProxy section */

/* Begin PBXFileReference section */
		F70B4A7B1B6F6F4C00ACBC14 /* AccessingPictureAlbum.app */ = {isa = PBXFileReference; explicitFileType = wrapper.application; includeInIndex = 0; path = AccessingPictureAlbum.app; sourceTree = BUILT_PRODUCTS_DIR; };
		F70B4A7F1B6F6F4C00ACBC14 /* Info.plist */ = {isa = PBXFileReference; lastKnownFileType = text.plist.xml; path = Info.plist; sourceTree = "<group>"; };
		F70B4A801B6F6F4C00ACBC14 /* AppDelegate.swift */ = {isa = PBXFileReference; lastKnownFileType = sourcecode.swift; path = AppDelegate.swift; sourceTree = "<group>"; };
		F70B4A851B6F6F4C00ACBC14 /* Base */ = {isa = PBXFileReference; lastKnownFileType = file.storyboard; name = Base; path = Base.lproj/Main.storyboard; sourceTree = "<group>"; };
		F70B4A871B6F6F4C00ACBC14 /* Images.xcassets */ = {isa = PBXFileReference; lastKnownFileType = folder.assetcatalog; path = Images.xcassets; sourceTree = "<group>"; };
		F70B4A8A1B6F6F4C00ACBC14 /* Base */ = {isa = PBXFileReference; lastKnownFileType = file.xib; name = Base; path = Base.lproj/LaunchScreen.xib; sourceTree = "<group>"; };
		F70B4A901B6F6F4C00ACBC14 /* AccessingPictureAlbumTests.xctest */ = {isa = PBXFileReference; explicitFileType = wrapper.cfbundle; includeInIndex = 0; path = AccessingPictureAlbumTests.xctest; sourceTree = BUILT_PRODUCTS_DIR; };
		F70B4A951B6F6F4C00ACBC14 /* Info.plist */ = {isa = PBXFileReference; lastKnownFileType = text.plist.xml; path = Info.plist; sourceTree = "<group>"; };
		F70B4A961B6F6F4C00ACBC14 /* AccessingPictureAlbumTests.swift */ = {isa = PBXFileReference; lastKnownFileType = sourcecode.swift; path = AccessingPictureAlbumTests.swift; sourceTree = "<group>"; };
		F70B4AA01B6F7D0100ACBC14 /* btnCamPic.png */ = {isa = PBXFileReference; lastKnownFileType = image.png; name = btnCamPic.png; path = "../../../../Desktop/GAT /btnCamPic.png"; sourceTree = "<group>"; };
		F70B4AA31B6F81DD00ACBC14 /* Bolts.framework */ = {isa = PBXFileReference; lastKnownFileType = wrapper.framework; path = Bolts.framework; sourceTree = "<group>"; };
		F70B4AA41B6F81DD00ACBC14 /* Parse.framework */ = {isa = PBXFileReference; lastKnownFileType = wrapper.framework; path = Parse.framework; sourceTree = "<group>"; };
		F70B4AA51B6F81DD00ACBC14 /* ParseCrashReporting.framework */ = {isa = PBXFileReference; lastKnownFileType = wrapper.framework; path = ParseCrashReporting.framework; sourceTree = "<group>"; };
		F70B4AA61B6F81DD00ACBC14 /* ParseFacebookUtils.framework */ = {isa = PBXFileReference; lastKnownFileType = wrapper.framework; path = ParseFacebookUtils.framework; sourceTree = "<group>"; };
		F70B4AA71B6F81DD00ACBC14 /* ParseFacebookUtilsV4.framework */ = {isa = PBXFileReference; lastKnownFileType = wrapper.framework; path = ParseFacebookUtilsV4.framework; sourceTree = "<group>"; };
		F70B4AA81B6F81DD00ACBC14 /* ParseUI.framework */ = {isa = PBXFileReference; lastKnownFileType = wrapper.framework; path = ParseUI.framework; sourceTree = "<group>"; };
		F70B4AAF1B6F828500ACBC14 /* AudioToolbox.framework */ = {isa = PBXFileReference; lastKnownFileType = wrapper.framework; name = AudioToolbox.framework; path = System/Library/Frameworks/AudioToolbox.framework; sourceTree = SDKROOT; };
		F70B4AB11B6F828D00ACBC14 /* CFNetwork.framework */ = {isa = PBXFileReference; lastKnownFileType = wrapper.framework; name = CFNetwork.framework; path = System/Library/Frameworks/CFNetwork.framework; sourceTree = SDKROOT; };
		F70B4AB31B6F829A00ACBC14 /* CoreGraphics.framework */ = {isa = PBXFileReference; lastKnownFileType = wrapper.framework; name = CoreGraphics.framework; path = System/Library/Frameworks/CoreGraphics.framework; sourceTree = SDKROOT; };
		F70B4AB51B6F82A500ACBC14 /* CoreLocation.framework */ = {isa = PBXFileReference; lastKnownFileType = wrapper.framework; name = CoreLocation.framework; path = System/Library/Frameworks/CoreLocation.framework; sourceTree = SDKROOT; };
		F70B4AB71B6F82B000ACBC14 /* QuartzCore.framework */ = {isa = PBXFileReference; lastKnownFileType = wrapper.framework; name = QuartzCore.framework; path = System/Library/Frameworks/QuartzCore.framework; sourceTree = SDKROOT; };
		F70B4AB91B6F82BC00ACBC14 /* Security.framework */ = {isa = PBXFileReference; lastKnownFileType = wrapper.framework; name = Security.framework; path = System/Library/Frameworks/Security.framework; sourceTree = SDKROOT; };
		F70B4ABB1B6F82CC00ACBC14 /* StoreKit.framework */ = {isa = PBXFileReference; lastKnownFileType = wrapper.framework; name = StoreKit.framework; path = System/Library/Frameworks/StoreKit.framework; sourceTree = SDKROOT; };
		F70B4ABD1B6F82DD00ACBC14 /* SystemConfiguration.framework */ = {isa = PBXFileReference; lastKnownFileType = wrapper.framework; name = SystemConfiguration.framework; path = System/Library/Frameworks/SystemConfiguration.framework; sourceTree = SDKROOT; };
		F70B4ABF1B6F82EB00ACBC14 /* libz.dylib */ = {isa = PBXFileReference; lastKnownFileType = "compiled.mach-o.dylib"; name = libz.dylib; path = usr/lib/libz.dylib; sourceTree = SDKROOT; };
		F70B4AC11B6F82FC00ACBC14 /* libsqlite3.dylib */ = {isa = PBXFileReference; lastKnownFileType = "compiled.mach-o.dylib"; name = libsqlite3.dylib; path = usr/lib/libsqlite3.dylib; sourceTree = SDKROOT; };
		F70B4AC31B6F965600ACBC14 /* photoAlbumIcon.png */ = {isa = PBXFileReference; lastKnownFileType = image.png; name = photoAlbumIcon.png; path = "../../../../Desktop/GAT /photoAlbumIcon.png"; sourceTree = "<group>"; };
		F70B4AC51B6FFBFD00ACBC14 /* monsters-02.png */ = {isa = PBXFileReference; lastKnownFileType = image.png; name = "monsters-02.png"; path = "../../../images/pngPicturs/monsters-02.png"; sourceTree = "<group>"; };
		F70B4AC71B70002600ACBC14 /* BlaBlaView.swift */ = {isa = PBXFileReference; fileEncoding = 4; lastKnownFileType = sourcecode.swift; path = BlaBlaView.swift; sourceTree = "<group>"; };
		F78AF34B1B70D3DC007686C3 /* FeedCollectionViewController.swift */ = {isa = PBXFileReference; fileEncoding = 4; lastKnownFileType = sourcecode.swift; path = FeedCollectionViewController.swift; sourceTree = "<group>"; };
		F78AF34D1B70DB84007686C3 /* ViewController.swift */ = {isa = PBXFileReference; fileEncoding = 4; lastKnownFileType = sourcecode.swift; path = ViewController.swift; sourceTree = "<group>"; };
/* End PBXFileReference section */

/* Begin PBXFrameworksBuildPhase section */
		F70B4A781B6F6F4C00ACBC14 /* Frameworks */ = {
			isa = PBXFrameworksBuildPhase;
			buildActionMask = 2147483647;
			files = (
				F70B4AC21B6F82FC00ACBC14 /* libsqlite3.dylib in Frameworks */,
				F70B4AC01B6F82EB00ACBC14 /* libz.dylib in Frameworks */,
				F70B4ABE1B6F82DD00ACBC14 /* SystemConfiguration.framework in Frameworks */,
				F70B4ABC1B6F82CC00ACBC14 /* StoreKit.framework in Frameworks */,
				F70B4ABA1B6F82BC00ACBC14 /* Security.framework in Frameworks */,
				F70B4AB81B6F82B000ACBC14 /* QuartzCore.framework in Frameworks */,
				F70B4AB61B6F82A500ACBC14 /* CoreLocation.framework in Frameworks */,
				F70B4AB41B6F829A00ACBC14 /* CoreGraphics.framework in Frameworks */,
				F70B4AB21B6F828D00ACBC14 /* CFNetwork.framework in Frameworks */,
				F70B4AB01B6F828500ACBC14 /* AudioToolbox.framework in Frameworks */,
				F70B4AAE1B6F81DD00ACBC14 /* ParseUI.framework in Frameworks */,
				F70B4AAA1B6F81DD00ACBC14 /* Parse.framework in Frameworks */,
				F70B4AAB1B6F81DD00ACBC14 /* ParseCrashReporting.framework in Frameworks */,
				F70B4AAC1B6F81DD00ACBC14 /* ParseFacebookUtils.framework in Frameworks */,
				F70B4AA91B6F81DD00ACBC14 /* Bolts.framework in Frameworks */,
				F70B4AAD1B6F81DD00ACBC14 /* ParseFacebookUtilsV4.framework in Frameworks */,
			);
			runOnlyForDeploymentPostprocessing = 0;
		};
		F70B4A8D1B6F6F4C00ACBC14 /* Frameworks */ = {
			isa = PBXFrameworksBuildPhase;
			buildActionMask = 2147483647;
			files = (
			);
			runOnlyForDeploymentPostprocessing = 0;
		};
/* End PBXFrameworksBuildPhase section */

/* Begin PBXGroup section */
		F70B4A721B6F6F4C00ACBC14 = {
			isa = PBXGroup;
			children = (
				F70B4AC11B6F82FC00ACBC14 /* libsqlite3.dylib */,
				F70B4ABF1B6F82EB00ACBC14 /* libz.dylib */,
				F70B4ABD1B6F82DD00ACBC14 /* SystemConfiguration.framework */,
				F70B4ABB1B6F82CC00ACBC14 /* StoreKit.framework */,
				F70B4AB91B6F82BC00ACBC14 /* Security.framework */,
				F70B4AB71B6F82B000ACBC14 /* QuartzCore.framework */,
				F70B4AB51B6F82A500ACBC14 /* CoreLocation.framework */,
				F70B4AB31B6F829A00ACBC14 /* CoreGraphics.framework */,
				F70B4AB11B6F828D00ACBC14 /* CFNetwork.framework */,
				F70B4AAF1B6F828500ACBC14 /* AudioToolbox.framework */,
				F70B4AA21B6F81DD00ACBC14 /* Parse */,
				F70B4A7D1B6F6F4C00ACBC14 /* AccessingPictureAlbum */,
				F70B4A931B6F6F4C00ACBC14 /* AccessingPictureAlbumTests */,
				F70B4A7C1B6F6F4C00ACBC14 /* Products */,
			);
			sourceTree = "<group>";
		};
		F70B4A7C1B6F6F4C00ACBC14 /* Products */ = {
			isa = PBXGroup;
			children = (
				F70B4A7B1B6F6F4C00ACBC14 /* AccessingPictureAlbum.app */,
				F70B4A901B6F6F4C00ACBC14 /* AccessingPictureAlbumTests.xctest */,
			);
			name = Products;
			sourceTree = "<group>";
		};
		F70B4A7D1B6F6F4C00ACBC14 /* AccessingPictureAlbum */ = {
			isa = PBXGroup;
			children = (
				F70B4A801B6F6F4C00ACBC14 /* AppDelegate.swift */,
				F78AF34B1B70D3DC007686C3 /* FeedCollectionViewController.swift */,
				F78AF34D1B70DB84007686C3 /* ViewController.swift */,
				F70B4AC71B70002600ACBC14 /* BlaBlaView.swift */,
				F70B4A841B6F6F4C00ACBC14 /* Main.storyboard */,
				F70B4A871B6F6F4C00ACBC14 /* Images.xcassets */,
				F70B4A891B6F6F4C00ACBC14 /* LaunchScreen.xib */,
				F70B4AC51B6FFBFD00ACBC14 /* monsters-02.png */,
				F70B4AC31B6F965600ACBC14 /* photoAlbumIcon.png */,
				F70B4AA01B6F7D0100ACBC14 /* btnCamPic.png */,
				F70B4A7E1B6F6F4C00ACBC14 /* Supporting Files */,
			);
			path = AccessingPictureAlbum;
			sourceTree = "<group>";
		};
		F70B4A7E1B6F6F4C00ACBC14 /* Supporting Files */ = {
			isa = PBXGroup;
			children = (
				F70B4A7F1B6F6F4C00ACBC14 /* Info.plist */,
			);
			name = "Supporting Files";
			sourceTree = "<group>";
		};
		F70B4A931B6F6F4C00ACBC14 /* AccessingPictureAlbumTests */ = {
			isa = PBXGroup;
			children = (
				F70B4A961B6F6F4C00ACBC14 /* AccessingPictureAlbumTests.swift */,
				F70B4A941B6F6F4C00ACBC14 /* Supporting Files */,
			);
			path = AccessingPictureAlbumTests;
			sourceTree = "<group>";
		};
		F70B4A941B6F6F4C00ACBC14 /* Supporting Files */ = {
			isa = PBXGroup;
			children = (
				F70B4A951B6F6F4C00ACBC14 /* Info.plist */,
			);
			name = "Supporting Files";
			sourceTree = "<group>";
		};
		F70B4AA21B6F81DD00ACBC14 /* Parse */ = {
			isa = PBXGroup;
			children = (
				F70B4AA31B6F81DD00ACBC14 /* Bolts.framework */,
				F70B4AA41B6F81DD00ACBC14 /* Parse.framework */,
				F70B4AA51B6F81DD00ACBC14 /* ParseCrashReporting.framework */,
				F70B4AA61B6F81DD00ACBC14 /* ParseFacebookUtils.framework */,
				F70B4AA71B6F81DD00ACBC14 /* ParseFacebookUtilsV4.framework */,
				F70B4AA81B6F81DD00ACBC14 /* ParseUI.framework */,
			);
			name = Parse;
			path = "../../../Downloads/parse-library-1";
			sourceTree = "<group>";
		};
/* End PBXGroup section */

/* Begin PBXNativeTarget section */
		F70B4A7A1B6F6F4C00ACBC14 /* AccessingPictureAlbum */ = {
			isa = PBXNativeTarget;
			buildConfigurationList = F70B4A9A1B6F6F4C00ACBC14 /* Build configuration list for PBXNativeTarget "AccessingPictureAlbum" */;
			buildPhases = (
				F70B4A771B6F6F4C00ACBC14 /* Sources */,
				F70B4A781B6F6F4C00ACBC14 /* Frameworks */,
				F70B4A791B6F6F4C00ACBC14 /* Resources */,
			);
			buildRules = (
			);
			dependencies = (
			);
			name = AccessingPictureAlbum;
			productName = AccessingPictureAlbum;
			productReference = F70B4A7B1B6F6F4C00ACBC14 /* AccessingPictureAlbum.app */;
			productType = "com.apple.product-type.application";
		};
		F70B4A8F1B6F6F4C00ACBC14 /* AccessingPictureAlbumTests */ = {
			isa = PBXNativeTarget;
			buildConfigurationList = F70B4A9D1B6F6F4C00ACBC14 /* Build configuration list for PBXNativeTarget "AccessingPictureAlbumTests" */;
			buildPhases = (
				F70B4A8C1B6F6F4C00ACBC14 /* Sources */,
				F70B4A8D1B6F6F4C00ACBC14 /* Frameworks */,
				F70B4A8E1B6F6F4C00ACBC14 /* Resources */,
			);
			buildRules = (
			);
			dependencies = (
				F70B4A921B6F6F4C00ACBC14 /* PBXTargetDependency */,
			);
			name = AccessingPictureAlbumTests;
			productName = AccessingPictureAlbumTests;
			productReference = F70B4A901B6F6F4C00ACBC14 /* AccessingPictureAlbumTests.xctest */;
			productType = "com.apple.product-type.bundle.unit-test";
		};
/* End PBXNativeTarget section */

/* Begin PBXProject section */
		F70B4A731B6F6F4C00ACBC14 /* Project object */ = {
			isa = PBXProject;
			attributes = {
				LastUpgradeCheck = 0640;
				ORGANIZATIONNAME = ndrzhr;
				TargetAttributes = {
					F70B4A7A1B6F6F4C00ACBC14 = {
						CreatedOnToolsVersion = 6.4;
					};
					F70B4A8F1B6F6F4C00ACBC14 = {
						CreatedOnToolsVersion = 6.4;
						TestTargetID = F70B4A7A1B6F6F4C00ACBC14;
					};
				};
			};
			buildConfigurationList = F70B4A761B6F6F4C00ACBC14 /* Build configuration list for PBXProject "AccessingPictureAlbum" */;
			compatibilityVersion = "Xcode 3.2";
			developmentRegion = English;
			hasScannedForEncodings = 0;
			knownRegions = (
				en,
				Base,
			);
			mainGroup = F70B4A721B6F6F4C00ACBC14;
			productRefGroup = F70B4A7C1B6F6F4C00ACBC14 /* Products */;
			projectDirPath = "";
			projectRoot = "";
			targets = (
				F70B4A7A1B6F6F4C00ACBC14 /* AccessingPictureAlbum */,
				F70B4A8F1B6F6F4C00ACBC14 /* AccessingPictureAlbumTests */,
			);
		};
/* End PBXProject section */

/* Begin PBXResourcesBuildPhase section */
		F70B4A791B6F6F4C00ACBC14 /* Resources */ = {
			isa = PBXResourcesBuildPhase;
			buildActionMask = 2147483647;
			files = (
				F70B4AC61B6FFBFD00ACBC14 /* monsters-02.png in Resources */,
				F70B4AA11B6F7D0100ACBC14 /* btnCamPic.png in Resources */,
				F70B4A861B6F6F4C00ACBC14 /* Main.storyboard in Resources */,
				F70B4AC41B6F965600ACBC14 /* photoAlbumIcon.png in Resources */,
				F70B4A8B1B6F6F4C00ACBC14 /* LaunchScreen.xib in Resources */,
				F70B4A881B6F6F4C00ACBC14 /* Images.xcassets in Resources */,
			);
			runOnlyForDeploymentPostprocessing = 0;
		};
		F70B4A8E1B6F6F4C00ACBC14 /* Resources */ = {
			isa = PBXResourcesBuildPhase;
			buildActionMask = 2147483647;
			files = (
			);
			runOnlyForDeploymentPostprocessing = 0;
		};
/* End PBXResourcesBuildPhase section */

/* Begin PBXSourcesBuildPhase section */
		F70B4A771B6F6F4C00ACBC14 /* Sources */ = {
			isa = PBXSourcesBuildPhase;
			buildActionMask = 2147483647;
			files = (
				F78AF34C1B70D3DC007686C3 /* FeedCollectionViewController.swift in Sources */,
				F70B4A811B6F6F4C00ACBC14 /* AppDelegate.swift in Sources */,
				F78AF34E1B70DB84007686C3 /* ViewController.swift in Sources */,
				F70B4AC81B70002600ACBC14 /* BlaBlaView.swift in Sources */,
			);
			runOnlyForDeploymentPostprocessing = 0;
		};
		F70B4A8C1B6F6F4C00ACBC14 /* Sources */ = {
			isa = PBXSourcesBuildPhase;
			buildActionMask = 2147483647;
			files = (
				F70B4A971B6F6F4C00ACBC14 /* AccessingPictureAlbumTests.swift in Sources */,
			);
			runOnlyForDeploymentPostprocessing = 0;
		};
/* End PBXSourcesBuildPhase section */

/* Begin PBXTargetDependency section */
		F70B4A921B6F6F4C00ACBC14 /* PBXTargetDependency */ = {
			isa = PBXTargetDependency;
			target = F70B4A7A1B6F6F4C00ACBC14 /* AccessingPictureAlbum */;
			targetProxy = F70B4A911B6F6F4C00ACBC14 /* PBXContainerItemProxy */;
		};
/* End PBXTargetDependency section */

/* Begin PBXVariantGroup section */
		F70B4A841B6F6F4C00ACBC14 /* Main.storyboard */ = {
			isa = PBXVariantGroup;
			children = (
				F70B4A851B6F6F4C00ACBC14 /* Base */,
			);
			name = Main.storyboard;
			sourceTree = "<group>";
		};
		F70B4A891B6F6F4C00ACBC14 /* LaunchScreen.xib */ = {
			isa = PBXVariantGroup;
			children = (
				F70B4A8A1B6F6F4C00ACBC14 /* Base */,
			);
			name = LaunchScreen.xib;
			sourceTree = "<group>";
		};
/* End PBXVariantGroup section */

/* Begin XCBuildConfiguration section */
		F70B4A981B6F6F4C00ACBC14 /* Debug */ = {
			isa = XCBuildConfiguration;
			buildSettings = {
				ALWAYS_SEARCH_USER_PATHS = NO;
				CLANG_CXX_LANGUAGE_STANDARD = "gnu++0x";
				CLANG_CXX_LIBRARY = "libc++";
				CLANG_ENABLE_MODULES = YES;
				CLANG_ENABLE_OBJC_ARC = YES;
				CLANG_WARN_BOOL_CONVERSION = YES;
				CLANG_WARN_CONSTANT_CONVERSION = YES;
				CLANG_WARN_DIRECT_OBJC_ISA_USAGE = YES_ERROR;
				CLANG_WARN_EMPTY_BODY = YES;
				CLANG_WARN_ENUM_CONVERSION = YES;
				CLANG_WARN_INT_CONVERSION = YES;
				CLANG_WARN_OBJC_ROOT_CLASS = YES_ERROR;
				CLANG_WARN_UNREACHABLE_CODE = YES;
				CLANG_WARN__DUPLICATE_METHOD_MATCH = YES;
				"CODE_SIGN_IDENTITY[sdk=iphoneos*]" = "iPhone Developer";
				COPY_PHASE_STRIP = NO;
				DEBUG_INFORMATION_FORMAT = "dwarf-with-dsym";
				ENABLE_STRICT_OBJC_MSGSEND = YES;
				GCC_C_LANGUAGE_STANDARD = gnu99;
				GCC_DYNAMIC_NO_PIC = NO;
				GCC_NO_COMMON_BLOCKS = YES;
				GCC_OPTIMIZATION_LEVEL = 0;
				GCC_PREPROCESSOR_DEFINITIONS = (
					"DEBUG=1",
					"$(inherited)",
				);
				GCC_SYMBOLS_PRIVATE_EXTERN = NO;
				GCC_WARN_64_TO_32_BIT_CONVERSION = YES;
				GCC_WARN_ABOUT_RETURN_TYPE = YES_ERROR;
				GCC_WARN_UNDECLARED_SELECTOR = YES;
				GCC_WARN_UNINITIALIZED_AUTOS = YES_AGGRESSIVE;
				GCC_WARN_UNUSED_FUNCTION = YES;
				GCC_WARN_UNUSED_VARIABLE = YES;
				IPHONEOS_DEPLOYMENT_TARGET = 8.4;
				MTL_ENABLE_DEBUG_INFO = YES;
				ONLY_ACTIVE_ARCH = YES;
				SDKROOT = iphoneos;
				SWIFT_OPTIMIZATION_LEVEL = "-Onone";
			};
			name = Debug;
		};
		F70B4A991B6F6F4C00ACBC14 /* Release */ = {
			isa = XCBuildConfiguration;
			buildSettings = {
				ALWAYS_SEARCH_USER_PATHS = NO;
				CLANG_CXX_LANGUAGE_STANDARD = "gnu++0x";
				CLANG_CXX_LIBRARY = "libc++";
				CLANG_ENABLE_MODULES = YES;
				CLANG_ENABLE_OBJC_ARC = YES;
				CLANG_WARN_BOOL_CONVERSION = YES;
				CLANG_WARN_CONSTANT_CONVERSION = YES;
				CLANG_WARN_DIRECT_OBJC_ISA_USAGE = YES_ERROR;
				CLANG_WARN_EMPTY_BODY = YES;
				CLANG_WARN_ENUM_CONVERSION = YES;
				CLANG_WARN_INT_CONVERSION = YES;
				CLANG_WARN_OBJC_ROOT_CLASS = YES_ERROR;
				CLANG_WARN_UNREACHABLE_CODE = YES;
				CLANG_WARN__DUPLICATE_METHOD_MATCH = YES;
				"CODE_SIGN_IDENTITY[sdk=iphoneos*]" = "iPhone Developer";
				COPY_PHASE_STRIP = NO;
				DEBUG_INFORMATION_FORMAT = "dwarf-with-dsym";
				ENABLE_NS_ASSERTIONS = NO;
				ENABLE_STRICT_OBJC_MSGSEND = YES;
				GCC_C_LANGUAGE_STANDARD = gnu99;
				GCC_NO_COMMON_BLOCKS = YES;
				GCC_WARN_64_TO_32_BIT_CONVERSION = YES;
				GCC_WARN_ABOUT_RETURN_TYPE = YES_ERROR;
				GCC_WARN_UNDECLARED_SELECTOR = YES;
				GCC_WARN_UNINITIALIZED_AUTOS = YES_AGGRESSIVE;
				GCC_WARN_UNUSED_FUNCTION = YES;
				GCC_WARN_UNUSED_VARIABLE = YES;
				IPHONEOS_DEPLOYMENT_TARGET = 8.4;
				MTL_ENABLE_DEBUG_INFO = NO;
				SDKROOT = iphoneos;
				VALIDATE_PRODUCT = YES;
			};
			name = Release;
		};
		F70B4A9B1B6F6F4C00ACBC14 /* Debug */ = {
			isa = XCBuildConfiguration;
			buildSettings = {
				ASSETCATALOG_COMPILER_APPICON_NAME = AppIcon;
				FRAMEWORK_SEARCH_PATHS = (
					"$(inherited)",
					"/Users/ndrzhr/Downloads/parse-library-1",
				);
				INFOPLIST_FILE = AccessingPictureAlbum/Info.plist;
				LD_RUNPATH_SEARCH_PATHS = "$(inherited) @executable_path/Frameworks";
				PRODUCT_NAME = "$(TARGET_NAME)";
				TARGETED_DEVICE_FAMILY = "1,2";
			};
			name = Debug;
		};
		F70B4A9C1B6F6F4C00ACBC14 /* Release */ = {
			isa = XCBuildConfiguration;
			buildSettings = {
				ASSETCATALOG_COMPILER_APPICON_NAME = AppIcon;
				FRAMEWORK_SEARCH_PATHS = (
					"$(inherited)",
					"/Users/ndrzhr/Downloads/parse-library-1",
				);
				INFOPLIST_FILE = AccessingPictureAlbum/Info.plist;
				LD_RUNPATH_SEARCH_PATHS = "$(inherited) @executable_path/Frameworks";
				PRODUCT_NAME = "$(TARGET_NAME)";
				TARGETED_DEVICE_FAMILY = "1,2";
			};
			name = Release;
		};
		F70B4A9E1B6F6F4C00ACBC14 /* Debug */ = {
			isa = XCBuildConfiguration;
			buildSettings = {
				BUNDLE_LOADER = "$(TEST_HOST)";
				FRAMEWORK_SEARCH_PATHS = (
					"$(SDKROOT)/Developer/Library/Frameworks",
					"$(inherited)",
				);
				GCC_PREPROCESSOR_DEFINITIONS = (
					"DEBUG=1",
					"$(inherited)",
				);
				INFOPLIST_FILE = AccessingPictureAlbumTests/Info.plist;
				LD_RUNPATH_SEARCH_PATHS = "$(inherited) @executable_path/Frameworks @loader_path/Frameworks";
				PRODUCT_NAME = "$(TARGET_NAME)";
				TEST_HOST = "$(BUILT_PRODUCTS_DIR)/AccessingPictureAlbum.app/AccessingPictureAlbum";
			};
			name = Debug;
		};
		F70B4A9F1B6F6F4C00ACBC14 /* Release */ = {
			isa = XCBuildConfiguration;
			buildSettings = {
				BUNDLE_LOADER = "$(TEST_HOST)";
				FRAMEWORK_SEARCH_PATHS = (
					"$(SDKROOT)/Developer/Library/Frameworks",
					"$(inherited)",
				);
				INFOPLIST_FILE = AccessingPictureAlbumTests/Info.plist;
				LD_RUNPATH_SEARCH_PATHS = "$(inherited) @executable_path/Frameworks @loader_path/Frameworks";
				PRODUCT_NAME = "$(TARGET_NAME)";
				TEST_HOST = "$(BUILT_PRODUCTS_DIR)/AccessingPictureAlbum.app/AccessingPictureAlbum";
			};
			name = Release;
		};
/* End XCBuildConfiguration section */

/* Begin XCConfigurationList section */
		F70B4A761B6F6F4C00ACBC14 /* Build configuration list for PBXProject "AccessingPictureAlbum" */ = {
			isa = XCConfigurationList;
			buildConfigurations = (
				F70B4A981B6F6F4C00ACBC14 /* Debug */,
				F70B4A991B6F6F4C00ACBC14 /* Release */,
			);
			defaultConfigurationIsVisible = 0;
			defaultConfigurationName = Release;
		};
		F70B4A9A1B6F6F4C00ACBC14 /* Build configuration list for PBXNativeTarget "AccessingPictureAlbum" */ = {
			isa = XCConfigurationList;
			buildConfigurations = (
				F70B4A9B1B6F6F4C00ACBC14 /* Debug */,
				F70B4A9C1B6F6F4C00ACBC14 /* Release */,
			);
			defaultConfigurationIsVisible = 0;
			defaultConfigurationName = Release;
		};
		F70B4A9D1B6F6F4C00ACBC14 /* Build configuration list for PBXNativeTarget "AccessingPictureAlbumTests" */ = {
			isa = XCConfigurationList;
			buildConfigurations = (
				F70B4A9E1B6F6F4C00ACBC14 /* Debug */,
				F70B4A9F1B6F6F4C00ACBC14 /* Release */,
			);
			defaultConfigurationIsVisible = 0;
			defaultConfigurationName = Release;
		};
/* End XCConfigurationList section */
	};
	rootObject = F70B4A731B6F6F4C00ACBC14 /* Project object */;
}
