// !$*UTF8*$!
{
	archiveVersion = 1;
	classes = {
	};
	objectVersion = 46;
	objects = {

/* Begin PBXBuildFile section */
		F7AD588D1B36886E00A77811 /* AppDelegate.swift in Sources */ = {isa = PBXBuildFile; fileRef = F7AD588C1B36886E00A77811 /* AppDelegate.swift */; };
		F7AD588F1B36886E00A77811 /* ViewController.swift in Sources */ = {isa = PBXBuildFile; fileRef = F7AD588E1B36886E00A77811 /* ViewController.swift */; };
		F7AD58921B36886E00A77811 /* Main.storyboard in Resources */ = {isa = PBXBuildFile; fileRef = F7AD58901B36886E00A77811 /* Main.storyboard */; };
		F7AD58941B36886E00A77811 /* Images.xcassets in Resources */ = {isa = PBXBuildFile; fileRef = F7AD58931B36886E00A77811 /* Images.xcassets */; };
		F7AD58971B36886E00A77811 /* LaunchScreen.xib in Resources */ = {isa = PBXBuildFile; fileRef = F7AD58951B36886E00A77811 /* LaunchScreen.xib */; };
		F7AD58A31B36886E00A77811 /* GPSTracker_1_3Tests.swift in Sources */ = {isa = PBXBuildFile; fileRef = F7AD58A21B36886E00A77811 /* GPSTracker_1_3Tests.swift */; };
/* End PBXBuildFile section */

/* Begin PBXContainerItemProxy section */
		F7AD589D1B36886E00A77811 /* PBXContainerItemProxy */ = {
			isa = PBXContainerItemProxy;
			containerPortal = F7AD587F1B36886E00A77811 /* Project object */;
			proxyType = 1;
			remoteGlobalIDString = F7AD58861B36886E00A77811;
			remoteInfo = "GPSTracker 1.3";
		};
/* End PBXContainerItemProxy section */

/* Begin PBXFileReference section */
		F7AD58871B36886E00A77811 /* GPSTracker 1.3.app */ = {isa = PBXFileReference; explicitFileType = wrapper.application; includeInIndex = 0; path = "GPSTracker 1.3.app"; sourceTree = BUILT_PRODUCTS_DIR; };
		F7AD588B1B36886E00A77811 /* Info.plist */ = {isa = PBXFileReference; lastKnownFileType = text.plist.xml; path = Info.plist; sourceTree = "<group>"; };
		F7AD588C1B36886E00A77811 /* AppDelegate.swift */ = {isa = PBXFileReference; lastKnownFileType = sourcecode.swift; path = AppDelegate.swift; sourceTree = "<group>"; };
		F7AD588E1B36886E00A77811 /* ViewController.swift */ = {isa = PBXFileReference; lastKnownFileType = sourcecode.swift; path = ViewController.swift; sourceTree = "<group>"; };
		F7AD58911B36886E00A77811 /* Base */ = {isa = PBXFileReference; lastKnownFileType = file.storyboard; name = Base; path = Base.lproj/Main.storyboard; sourceTree = "<group>"; };
		F7AD58931B36886E00A77811 /* Images.xcassets */ = {isa = PBXFileReference; lastKnownFileType = folder.assetcatalog; path = Images.xcassets; sourceTree = "<group>"; };
		F7AD58961B36886E00A77811 /* Base */ = {isa = PBXFileReference; lastKnownFileType = file.xib; name = Base; path = Base.lproj/LaunchScreen.xib; sourceTree = "<group>"; };
		F7AD589C1B36886E00A77811 /* GPSTracker 1.3Tests.xctest */ = {isa = PBXFileReference; explicitFileType = wrapper.cfbundle; includeInIndex = 0; path = "GPSTracker 1.3Tests.xctest"; sourceTree = BUILT_PRODUCTS_DIR; };
		F7AD58A11B36886E00A77811 /* Info.plist */ = {isa = PBXFileReference; lastKnownFileType = text.plist.xml; path = Info.plist; sourceTree = "<group>"; };
		F7AD58A21B36886E00A77811 /* GPSTracker_1_3Tests.swift */ = {isa = PBXFileReference; lastKnownFileType = sourcecode.swift; path = GPSTracker_1_3Tests.swift; sourceTree = "<group>"; };
/* End PBXFileReference section */

/* Begin PBXFrameworksBuildPhase section */
		F7AD58841B36886E00A77811 /* Frameworks */ = {
			isa = PBXFrameworksBuildPhase;
			buildActionMask = 2147483647;
			files = (
			);
			runOnlyForDeploymentPostprocessing = 0;
		};
		F7AD58991B36886E00A77811 /* Frameworks */ = {
			isa = PBXFrameworksBuildPhase;
			buildActionMask = 2147483647;
			files = (
			);
			runOnlyForDeploymentPostprocessing = 0;
		};
/* End PBXFrameworksBuildPhase section */

/* Begin PBXGroup section */
		F7AD587E1B36886E00A77811 = {
			isa = PBXGroup;
			children = (
				F7AD58891B36886E00A77811 /* GPSTracker 1.3 */,
				F7AD589F1B36886E00A77811 /* GPSTracker 1.3Tests */,
				F7AD58881B36886E00A77811 /* Products */,
			);
			sourceTree = "<group>";
		};
		F7AD58881B36886E00A77811 /* Products */ = {
			isa = PBXGroup;
			children = (
				F7AD58871B36886E00A77811 /* GPSTracker 1.3.app */,
				F7AD589C1B36886E00A77811 /* GPSTracker 1.3Tests.xctest */,
			);
			name = Products;
			sourceTree = "<group>";
		};
		F7AD58891B36886E00A77811 /* GPSTracker 1.3 */ = {
			isa = PBXGroup;
			children = (
				F7AD588C1B36886E00A77811 /* AppDelegate.swift */,
				F7AD588E1B36886E00A77811 /* ViewController.swift */,
				F7AD58901B36886E00A77811 /* Main.storyboard */,
				F7AD58931B36886E00A77811 /* Images.xcassets */,
				F7AD58951B36886E00A77811 /* LaunchScreen.xib */,
				F7AD588A1B36886E00A77811 /* Supporting Files */,
			);
			path = "GPSTracker 1.3";
			sourceTree = "<group>";
		};
		F7AD588A1B36886E00A77811 /* Supporting Files */ = {
			isa = PBXGroup;
			children = (
				F7AD588B1B36886E00A77811 /* Info.plist */,
			);
			name = "Supporting Files";
			sourceTree = "<group>";
		};
		F7AD589F1B36886E00A77811 /* GPSTracker 1.3Tests */ = {
			isa = PBXGroup;
			children = (
				F7AD58A21B36886E00A77811 /* GPSTracker_1_3Tests.swift */,
				F7AD58A01B36886E00A77811 /* Supporting Files */,
			);
			path = "GPSTracker 1.3Tests";
			sourceTree = "<group>";
		};
		F7AD58A01B36886E00A77811 /* Supporting Files */ = {
			isa = PBXGroup;
			children = (
				F7AD58A11B36886E00A77811 /* Info.plist */,
			);
			name = "Supporting Files";
			sourceTree = "<group>";
		};
/* End PBXGroup section */

/* Begin PBXNativeTarget section */
		F7AD58861B36886E00A77811 /* GPSTracker 1.3 */ = {
			isa = PBXNativeTarget;
			buildConfigurationList = F7AD58A61B36886E00A77811 /* Build configuration list for PBXNativeTarget "GPSTracker 1.3" */;
			buildPhases = (
				F7AD58831B36886E00A77811 /* Sources */,
				F7AD58841B36886E00A77811 /* Frameworks */,
				F7AD58851B36886E00A77811 /* Resources */,
			);
			buildRules = (
			);
			dependencies = (
			);
			name = "GPSTracker 1.3";
			productName = "GPSTracker 1.3";
			productReference = F7AD58871B36886E00A77811 /* GPSTracker 1.3.app */;
			productType = "com.apple.product-type.application";
		};
		F7AD589B1B36886E00A77811 /* GPSTracker 1.3Tests */ = {
			isa = PBXNativeTarget;
			buildConfigurationList = F7AD58A91B36886E00A77811 /* Build configuration list for PBXNativeTarget "GPSTracker 1.3Tests" */;
			buildPhases = (
				F7AD58981B36886E00A77811 /* Sources */,
				F7AD58991B36886E00A77811 /* Frameworks */,
				F7AD589A1B36886E00A77811 /* Resources */,
			);
			buildRules = (
			);
			dependencies = (
				F7AD589E1B36886E00A77811 /* PBXTargetDependency */,
			);
			name = "GPSTracker 1.3Tests";
			productName = "GPSTracker 1.3Tests";
			productReference = F7AD589C1B36886E00A77811 /* GPSTracker 1.3Tests.xctest */;
			productType = "com.apple.product-type.bundle.unit-test";
		};
/* End PBXNativeTarget section */

/* Begin PBXProject section */
		F7AD587F1B36886E00A77811 /* Project object */ = {
			isa = PBXProject;
			attributes = {
				LastUpgradeCheck = 0630;
				ORGANIZATIONNAME = ndrzhr;
				TargetAttributes = {
					F7AD58861B36886E00A77811 = {
						CreatedOnToolsVersion = 6.3.2;
					};
					F7AD589B1B36886E00A77811 = {
						CreatedOnToolsVersion = 6.3.2;
						TestTargetID = F7AD58861B36886E00A77811;
					};
				};
			};
			buildConfigurationList = F7AD58821B36886E00A77811 /* Build configuration list for PBXProject "GPSTracker 1.3" */;
			compatibilityVersion = "Xcode 3.2";
			developmentRegion = English;
			hasScannedForEncodings = 0;
			knownRegions = (
				en,
				Base,
			);
			mainGroup = F7AD587E1B36886E00A77811;
			productRefGroup = F7AD58881B36886E00A77811 /* Products */;
			projectDirPath = "";
			projectRoot = "";
			targets = (
				F7AD58861B36886E00A77811 /* GPSTracker 1.3 */,
				F7AD589B1B36886E00A77811 /* GPSTracker 1.3Tests */,
			);
		};
/* End PBXProject section */

/* Begin PBXResourcesBuildPhase section */
		F7AD58851B36886E00A77811 /* Resources */ = {
			isa = PBXResourcesBuildPhase;
			buildActionMask = 2147483647;
			files = (
				F7AD58921B36886E00A77811 /* Main.storyboard in Resources */,
				F7AD58971B36886E00A77811 /* LaunchScreen.xib in Resources */,
				F7AD58941B36886E00A77811 /* Images.xcassets in Resources */,
			);
			runOnlyForDeploymentPostprocessing = 0;
		};
		F7AD589A1B36886E00A77811 /* Resources */ = {
			isa = PBXResourcesBuildPhase;
			buildActionMask = 2147483647;
			files = (
			);
			runOnlyForDeploymentPostprocessing = 0;
		};
/* End PBXResourcesBuildPhase section */

/* Begin PBXSourcesBuildPhase section */
		F7AD58831B36886E00A77811 /* Sources */ = {
			isa = PBXSourcesBuildPhase;
			buildActionMask = 2147483647;
			files = (
				F7AD588F1B36886E00A77811 /* ViewController.swift in Sources */,
				F7AD588D1B36886E00A77811 /* AppDelegate.swift in Sources */,
			);
			runOnlyForDeploymentPostprocessing = 0;
		};
		F7AD58981B36886E00A77811 /* Sources */ = {
			isa = PBXSourcesBuildPhase;
			buildActionMask = 2147483647;
			files = (
				F7AD58A31B36886E00A77811 /* GPSTracker_1_3Tests.swift in Sources */,
			);
			runOnlyForDeploymentPostprocessing = 0;
		};
/* End PBXSourcesBuildPhase section */

/* Begin PBXTargetDependency section */
		F7AD589E1B36886E00A77811 /* PBXTargetDependency */ = {
			isa = PBXTargetDependency;
			target = F7AD58861B36886E00A77811 /* GPSTracker 1.3 */;
			targetProxy = F7AD589D1B36886E00A77811 /* PBXContainerItemProxy */;
		};
/* End PBXTargetDependency section */

/* Begin PBXVariantGroup section */
		F7AD58901B36886E00A77811 /* Main.storyboard */ = {
			isa = PBXVariantGroup;
			children = (
				F7AD58911B36886E00A77811 /* Base */,
			);
			name = Main.storyboard;
			sourceTree = "<group>";
		};
		F7AD58951B36886E00A77811 /* LaunchScreen.xib */ = {
			isa = PBXVariantGroup;
			children = (
				F7AD58961B36886E00A77811 /* Base */,
			);
			name = LaunchScreen.xib;
			sourceTree = "<group>";
		};
/* End PBXVariantGroup section */

/* Begin XCBuildConfiguration section */
		F7AD58A41B36886E00A77811 /* Debug */ = {
			isa = XCBuildConfiguration;
			buildSettings = {
				ALWAYS_SEARCH_USER_PATHS = NO;
				CLANG_CXX_LANGUAGE_STANDARD = "gnu++0x";
				CLANG_CXX_LIBRARY = "libc++";
				CLANG_ENABLE_MODULES = YES;
				CLANG_ENABLE_OBJC_ARC = YES;
				CLANG_WARN_BOOL_CONVERSION = YES;
				CLANG_WARN_CONSTANT_CONVERSION = YES;
				CLANG_WARN_DIRECT_OBJC_ISA_USAGE = YES_ERROR;
				CLANG_WARN_EMPTY_BODY = YES;
				CLANG_WARN_ENUM_CONVERSION = YES;
				CLANG_WARN_INT_CONVERSION = YES;
				CLANG_WARN_OBJC_ROOT_CLASS = YES_ERROR;
				CLANG_WARN_UNREACHABLE_CODE = YES;
				CLANG_WARN__DUPLICATE_METHOD_MATCH = YES;
				"CODE_SIGN_IDENTITY[sdk=iphoneos*]" = "iPhone Developer";
				COPY_PHASE_STRIP = NO;
				DEBUG_INFORMATION_FORMAT = "dwarf-with-dsym";
				ENABLE_STRICT_OBJC_MSGSEND = YES;
				GCC_C_LANGUAGE_STANDARD = gnu99;
				GCC_DYNAMIC_NO_PIC = NO;
				GCC_NO_COMMON_BLOCKS = YES;
				GCC_OPTIMIZATION_LEVEL = 0;
				GCC_PREPROCESSOR_DEFINITIONS = (
					"DEBUG=1",
					"$(inherited)",
				);
				GCC_SYMBOLS_PRIVATE_EXTERN = NO;
				GCC_WARN_64_TO_32_BIT_CONVERSION = YES;
				GCC_WARN_ABOUT_RETURN_TYPE = YES_ERROR;
				GCC_WARN_UNDECLARED_SELECTOR = YES;
				GCC_WARN_UNINITIALIZED_AUTOS = YES_AGGRESSIVE;
				GCC_WARN_UNUSED_FUNCTION = YES;
				GCC_WARN_UNUSED_VARIABLE = YES;
				IPHONEOS_DEPLOYMENT_TARGET = 8.3;
				MTL_ENABLE_DEBUG_INFO = YES;
				ONLY_ACTIVE_ARCH = YES;
				SDKROOT = iphoneos;
				SWIFT_OPTIMIZATION_LEVEL = "-Onone";
			};
			name = Debug;
		};
		F7AD58A51B36886E00A77811 /* Release */ = {
			isa = XCBuildConfiguration;
			buildSettings = {
				ALWAYS_SEARCH_USER_PATHS = NO;
				CLANG_CXX_LANGUAGE_STANDARD = "gnu++0x";
				CLANG_CXX_LIBRARY = "libc++";
				CLANG_ENABLE_MODULES = YES;
				CLANG_ENABLE_OBJC_ARC = YES;
				CLANG_WARN_BOOL_CONVERSION = YES;
				CLANG_WARN_CONSTANT_CONVERSION = YES;
				CLANG_WARN_DIRECT_OBJC_ISA_USAGE = YES_ERROR;
				CLANG_WARN_EMPTY_BODY = YES;
				CLANG_WARN_ENUM_CONVERSION = YES;
				CLANG_WARN_INT_CONVERSION = YES;
				CLANG_WARN_OBJC_ROOT_CLASS = YES_ERROR;
				CLANG_WARN_UNREACHABLE_CODE = YES;
				CLANG_WARN__DUPLICATE_METHOD_MATCH = YES;
				"CODE_SIGN_IDENTITY[sdk=iphoneos*]" = "iPhone Developer";
				COPY_PHASE_STRIP = NO;
				DEBUG_INFORMATION_FORMAT = "dwarf-with-dsym";
				ENABLE_NS_ASSERTIONS = NO;
				ENABLE_STRICT_OBJC_MSGSEND = YES;
				GCC_C_LANGUAGE_STANDARD = gnu99;
				GCC_NO_COMMON_BLOCKS = YES;
				GCC_WARN_64_TO_32_BIT_CONVERSION = YES;
				GCC_WARN_ABOUT_RETURN_TYPE = YES_ERROR;
				GCC_WARN_UNDECLARED_SELECTOR = YES;
				GCC_WARN_UNINITIALIZED_AUTOS = YES_AGGRESSIVE;
				GCC_WARN_UNUSED_FUNCTION = YES;
				GCC_WARN_UNUSED_VARIABLE = YES;
				IPHONEOS_DEPLOYMENT_TARGET = 8.3;
				MTL_ENABLE_DEBUG_INFO = NO;
				SDKROOT = iphoneos;
				VALIDATE_PRODUCT = YES;
			};
			name = Release;
		};
		F7AD58A71B36886E00A77811 /* Debug */ = {
			isa = XCBuildConfiguration;
			buildSettings = {
				ASSETCATALOG_COMPILER_APPICON_NAME = AppIcon;
				INFOPLIST_FILE = "GPSTracker 1.3/Info.plist";
				LD_RUNPATH_SEARCH_PATHS = "$(inherited) @executable_path/Frameworks";
				PRODUCT_NAME = "$(TARGET_NAME)";
			};
			name = Debug;
		};
		F7AD58A81B36886E00A77811 /* Release */ = {
			isa = XCBuildConfiguration;
			buildSettings = {
				ASSETCATALOG_COMPILER_APPICON_NAME = AppIcon;
				INFOPLIST_FILE = "GPSTracker 1.3/Info.plist";
				LD_RUNPATH_SEARCH_PATHS = "$(inherited) @executable_path/Frameworks";
				PRODUCT_NAME = "$(TARGET_NAME)";
			};
			name = Release;
		};
		F7AD58AA1B36886E00A77811 /* Debug */ = {
			isa = XCBuildConfiguration;
			buildSettings = {
				BUNDLE_LOADER = "$(TEST_HOST)";
				FRAMEWORK_SEARCH_PATHS = (
					"$(SDKROOT)/Developer/Library/Frameworks",
					"$(inherited)",
				);
				GCC_PREPROCESSOR_DEFINITIONS = (
					"DEBUG=1",
					"$(inherited)",
				);
				INFOPLIST_FILE = "GPSTracker 1.3Tests/Info.plist";
				LD_RUNPATH_SEARCH_PATHS = "$(inherited) @executable_path/Frameworks @loader_path/Frameworks";
				PRODUCT_NAME = "$(TARGET_NAME)";
				TEST_HOST = "$(BUILT_PRODUCTS_DIR)/GPSTracker 1.3.app/GPSTracker 1.3";
			};
			name = Debug;
		};
		F7AD58AB1B36886E00A77811 /* Release */ = {
			isa = XCBuildConfiguration;
			buildSettings = {
				BUNDLE_LOADER = "$(TEST_HOST)";
				FRAMEWORK_SEARCH_PATHS = (
					"$(SDKROOT)/Developer/Library/Frameworks",
					"$(inherited)",
				);
				INFOPLIST_FILE = "GPSTracker 1.3Tests/Info.plist";
				LD_RUNPATH_SEARCH_PATHS = "$(inherited) @executable_path/Frameworks @loader_path/Frameworks";
				PRODUCT_NAME = "$(TARGET_NAME)";
				TEST_HOST = "$(BUILT_PRODUCTS_DIR)/GPSTracker 1.3.app/GPSTracker 1.3";
			};
			name = Release;
		};
/* End XCBuildConfiguration section */

/* Begin XCConfigurationList section */
		F7AD58821B36886E00A77811 /* Build configuration list for PBXProject "GPSTracker 1.3" */ = {
			isa = XCConfigurationList;
			buildConfigurations = (
				F7AD58A41B36886E00A77811 /* Debug */,
				F7AD58A51B36886E00A77811 /* Release */,
			);
			defaultConfigurationIsVisible = 0;
			defaultConfigurationName = Release;
		};
		F7AD58A61B36886E00A77811 /* Build configuration list for PBXNativeTarget "GPSTracker 1.3" */ = {
			isa = XCConfigurationList;
			buildConfigurations = (
				F7AD58A71B36886E00A77811 /* Debug */,
				F7AD58A81B36886E00A77811 /* Release */,
			);
			defaultConfigurationIsVisible = 0;
		};
		F7AD58A91B36886E00A77811 /* Build configuration list for PBXNativeTarget "GPSTracker 1.3Tests" */ = {
			isa = XCConfigurationList;
			buildConfigurations = (
				F7AD58AA1B36886E00A77811 /* Debug */,
				F7AD58AB1B36886E00A77811 /* Release */,
			);
			defaultConfigurationIsVisible = 0;
		};
/* End XCConfigurationList section */
	};
	rootObject = F7AD587F1B36886E00A77811 /* Project object */;
}
